// !$*UTF8*$!
{
	archiveVersion = 1;
	classes = {
	};
	objectVersion = 55;
	objects = {

/* Begin PBXBuildFile section */
		D203035127D4670E006667BA /* Arrow.mm in Sources */ = {isa = PBXBuildFile; fileRef = D203035027D4670E006667BA /* Arrow.mm */; };
		D2047B4E2793B1A000B4B442 /* imgui_widgets.cpp in Sources */ = {isa = PBXBuildFile; fileRef = D2047A592793B19F00B4B442 /* imgui_widgets.cpp */; };
		D2047B522793B1A000B4B442 /* imgui_impl_metal.mm in Sources */ = {isa = PBXBuildFile; fileRef = D2047A6B2793B19F00B4B442 /* imgui_impl_metal.mm */; };
		D2047B622793B1A000B4B442 /* imgui_impl_sdl.cpp in Sources */ = {isa = PBXBuildFile; fileRef = D2047A822793B19F00B4B442 /* imgui_impl_sdl.cpp */; };
		D2047B6A2793B1A000B4B442 /* .editorconfig in Resources */ = {isa = PBXBuildFile; fileRef = D2047A8B2793B19F00B4B442 /* .editorconfig */; };
		D2047B6B2793B1A000B4B442 /* .gitignore in Resources */ = {isa = PBXBuildFile; fileRef = D2047A8C2793B19F00B4B442 /* .gitignore */; };
		D2047B6C2793B1A000B4B442 /* imgui.cpp in Sources */ = {isa = PBXBuildFile; fileRef = D2047A8D2793B19F00B4B442 /* imgui.cpp */; };
		D2047BD42793B1A000B4B442 /* FUNDING.yml in Resources */ = {isa = PBXBuildFile; fileRef = D2047B282793B1A000B4B442 /* FUNDING.yml */; };
		D2047BD52793B1A000B4B442 /* static-analysis.yml in Resources */ = {isa = PBXBuildFile; fileRef = D2047B2A2793B1A000B4B442 /* static-analysis.yml */; };
		D2047BD62793B1A000B4B442 /* scheduled.yml in Resources */ = {isa = PBXBuildFile; fileRef = D2047B2B2793B1A000B4B442 /* scheduled.yml */; };
		D2047BD72793B1A000B4B442 /* build.yml in Resources */ = {isa = PBXBuildFile; fileRef = D2047B2C2793B1A000B4B442 /* build.yml */; };
		D2047BD82793B1A000B4B442 /* pull_request_template.md in Resources */ = {isa = PBXBuildFile; fileRef = D2047B2D2793B1A000B4B442 /* pull_request_template.md */; };
		D2047BD92793B1A000B4B442 /* issue_template.md in Resources */ = {isa = PBXBuildFile; fileRef = D2047B2E2793B1A000B4B442 /* issue_template.md */; };
		D2047BDA2793B1A000B4B442 /* .gitattributes in Resources */ = {isa = PBXBuildFile; fileRef = D2047B2F2793B1A000B4B442 /* .gitattributes */; };
		D2047BDB2793B1A000B4B442 /* LICENSE.txt in Resources */ = {isa = PBXBuildFile; fileRef = D2047B312793B1A000B4B442 /* LICENSE.txt */; };
		D2047BDC2793B1A000B4B442 /* imgui_tables.cpp in Sources */ = {isa = PBXBuildFile; fileRef = D2047B322793B1A000B4B442 /* imgui_tables.cpp */; };
		D2047BDD2793B1A000B4B442 /* imgui_demo.cpp in Sources */ = {isa = PBXBuildFile; fileRef = D2047B332793B1A000B4B442 /* imgui_demo.cpp */; };
		D2047BDE2793B1A000B4B442 /* imgui_draw.cpp in Sources */ = {isa = PBXBuildFile; fileRef = D2047B342793B1A000B4B442 /* imgui_draw.cpp */; };
		D20C0B30284538AD00F5DC08 /* UserAction.mm in Sources */ = {isa = PBXBuildFile; fileRef = D20C0B2F284538AD00F5DC08 /* UserAction.mm */; };
		D20C0B3628453C2C00F5DC08 /* VertexMoveAction.mm in Sources */ = {isa = PBXBuildFile; fileRef = D20C0B3528453C2C00F5DC08 /* VertexMoveAction.mm */; };
		D20C0B3F2845D68900F5DC08 /* FaceAddVertexAction.mm in Sources */ = {isa = PBXBuildFile; fileRef = D20C0B3E2845D68900F5DC08 /* FaceAddVertexAction.mm */; };
		D20C0B422845E20400F5DC08 /* EdgeAddVertexAction.mm in Sources */ = {isa = PBXBuildFile; fileRef = D20C0B412845E20400F5DC08 /* EdgeAddVertexAction.mm */; };
		D224A4662791464D0099CF9D /* Processing.metal in Sources */ = {isa = PBXBuildFile; fileRef = D224A4652791464D0099CF9D /* Processing.metal */; };
		D28B7D852793B4AC00C0E47F /* SDL2.framework in Frameworks */ = {isa = PBXBuildFile; fileRef = D28B7D842793B4AC00C0E47F /* SDL2.framework */; };
		D28B7D862793B4AC00C0E47F /* SDL2.framework in Embed Frameworks */ = {isa = PBXBuildFile; fileRef = D28B7D842793B4AC00C0E47F /* SDL2.framework */; settings = {ATTRIBUTES = (CodeSignOnCopy, RemoveHeadersOnCopy, ); }; };
		D2A99F7E2792BF7D00E85036 /* Model.mm in Sources */ = {isa = PBXBuildFile; fileRef = D2A99F7D2792BF7D00E85036 /* Model.mm */; };
		D2B08AD7296D240800CA5FFC /* JoinModels.mm in Sources */ = {isa = PBXBuildFile; fileRef = D2B08AD5296D240800CA5FFC /* JoinModels.mm */; };
		D2D9BC612846FE8400D22480 /* ModelMoveAction.mm in Sources */ = {isa = PBXBuildFile; fileRef = D2D9BC602846FE8400D22480 /* ModelMoveAction.mm */; };
		D2E399A62874B399003381DD /* Scene.mm in Sources */ = {isa = PBXBuildFile; fileRef = D2E399A52874B399003381DD /* Scene.mm */; };
		D2E399AA2874BD59003381DD /* Scheme.mm in Sources */ = {isa = PBXBuildFile; fileRef = D2E399A82874BD59003381DD /* Scheme.mm */; };
		D2E399AD2874C877003381DD /* ComputePipeline.mm in Sources */ = {isa = PBXBuildFile; fileRef = D2E399AC2874C877003381DD /* ComputePipeline.mm */; };
		D2E399B02874DEC4003381DD /* RenderPipeline.mm in Sources */ = {isa = PBXBuildFile; fileRef = D2E399AF2874DEC4003381DD /* RenderPipeline.mm */; };
		D2E399B62874E998003381DD /* EditFEVScheme.mm in Sources */ = {isa = PBXBuildFile; fileRef = D2E399B52874E997003381DD /* EditFEVScheme.mm */; };
		D2E399B82874EDA5003381DD /* EditNodeScheme.mm in Sources */ = {isa = PBXBuildFile; fileRef = D2E399B72874EDA5003381DD /* EditNodeScheme.mm */; };
		D2E399BC2874F6E8003381DD /* EditModelScheme.mm in Sources */ = {isa = PBXBuildFile; fileRef = D2E399BB2874F6E8003381DD /* EditModelScheme.mm */; };
		D2E399BF2874FDA5003381DD /* Utils.mm in Sources */ = {isa = PBXBuildFile; fileRef = D2E399BE2874FDA5003381DD /* Utils.mm */; };
		D2E79A7E2950103000051DDF /* Project2D.mm in Sources */ = {isa = PBXBuildFile; fileRef = D2E79A7C2950103000051DDF /* Project2D.mm */; };
		D2EAF75327914118002DE553 /* AppDelegate.m in Sources */ = {isa = PBXBuildFile; fileRef = D2EAF75227914118002DE553 /* AppDelegate.m */; };
		D2EAF75827914119002DE553 /* Assets.xcassets in Resources */ = {isa = PBXBuildFile; fileRef = D2EAF75727914119002DE553 /* Assets.xcassets */; };
		D2EAF75D27914119002DE553 /* main.mm in Sources */ = {isa = PBXBuildFile; fileRef = D2EAF75C27914119002DE553 /* main.mm */; };
		D2EAF76827914119002DE553 /* dragonflyTests.m in Sources */ = {isa = PBXBuildFile; fileRef = D2EAF76727914119002DE553 /* dragonflyTests.m */; };
		D2EAF77227914119002DE553 /* dragonflyUITests.m in Sources */ = {isa = PBXBuildFile; fileRef = D2EAF77127914119002DE553 /* dragonflyUITests.m */; };
		D2EAF77427914119002DE553 /* dragonflyUITestsLaunchTests.m in Sources */ = {isa = PBXBuildFile; fileRef = D2EAF77327914119002DE553 /* dragonflyUITestsLaunchTests.m */; };
		D2EAF92427914191002DE553 /* Metal.framework in Frameworks */ = {isa = PBXBuildFile; fileRef = D2EAF92327914191002DE553 /* Metal.framework */; platformFilter = maccatalyst; };
		D2EAF92627914197002DE553 /* QuartzCore.framework in Frameworks */ = {isa = PBXBuildFile; fileRef = D2EAF92527914197002DE553 /* QuartzCore.framework */; platformFilter = maccatalyst; };
		D2F0B0CF28985CF700057FD6 /* Engine.mm in Sources */ = {isa = PBXBuildFile; fileRef = D2F0B0CE28985CF200057FD6 /* Engine.mm */; };
		D2F0B0D2289878F600057FD6 /* SchemeController.mm in Sources */ = {isa = PBXBuildFile; fileRef = D2F0B0D1289878F300057FD6 /* SchemeController.mm */; };
/* End PBXBuildFile section */

/* Begin PBXContainerItemProxy section */
		D2EAF76427914119002DE553 /* PBXContainerItemProxy */ = {
			isa = PBXContainerItemProxy;
			containerPortal = D2EAF74627914118002DE553 /* Project object */;
			proxyType = 1;
			remoteGlobalIDString = D2EAF74D27914118002DE553;
			remoteInfo = dragonfly;
		};
		D2EAF76E27914119002DE553 /* PBXContainerItemProxy */ = {
			isa = PBXContainerItemProxy;
			containerPortal = D2EAF74627914118002DE553 /* Project object */;
			proxyType = 1;
			remoteGlobalIDString = D2EAF74D27914118002DE553;
			remoteInfo = dragonfly;
		};
/* End PBXContainerItemProxy section */

/* Begin PBXCopyFilesBuildPhase section */
		D28B7D872793B4AD00C0E47F /* Embed Frameworks */ = {
			isa = PBXCopyFilesBuildPhase;
			buildActionMask = 2147483647;
			dstPath = "";
			dstSubfolderSpec = 10;
			files = (
				D28B7D862793B4AC00C0E47F /* SDL2.framework in Embed Frameworks */,
			);
			name = "Embed Frameworks";
			runOnlyForDeploymentPostprocessing = 0;
		};
/* End PBXCopyFilesBuildPhase section */

/* Begin PBXFileReference section */
		D203034F27D466F4006667BA /* Arrow.h */ = {isa = PBXFileReference; lastKnownFileType = sourcecode.c.h; path = Arrow.h; sourceTree = "<group>"; };
		D203035027D4670E006667BA /* Arrow.mm */ = {isa = PBXFileReference; lastKnownFileType = sourcecode.cpp.objcpp; path = Arrow.mm; sourceTree = "<group>"; };
		D2047A562793B19F00B4B442 /* imgui.h */ = {isa = PBXFileReference; fileEncoding = 4; lastKnownFileType = sourcecode.c.h; path = imgui.h; sourceTree = "<group>"; };
		D2047A572793B19F00B4B442 /* imstb_textedit.h */ = {isa = PBXFileReference; fileEncoding = 4; lastKnownFileType = sourcecode.c.h; path = imstb_textedit.h; sourceTree = "<group>"; };
		D2047A582793B19F00B4B442 /* imconfig.h */ = {isa = PBXFileReference; fileEncoding = 4; lastKnownFileType = sourcecode.c.h; path = imconfig.h; sourceTree = "<group>"; };
		D2047A592793B19F00B4B442 /* imgui_widgets.cpp */ = {isa = PBXFileReference; fileEncoding = 4; lastKnownFileType = sourcecode.cpp.cpp; path = imgui_widgets.cpp; sourceTree = "<group>"; };
		D2047A5A2793B19F00B4B442 /* imstb_truetype.h */ = {isa = PBXFileReference; fileEncoding = 4; lastKnownFileType = sourcecode.c.h; path = imstb_truetype.h; sourceTree = "<group>"; };
		D2047A602793B19F00B4B442 /* imgui_impl_sdl.h */ = {isa = PBXFileReference; fileEncoding = 4; lastKnownFileType = sourcecode.c.h; path = imgui_impl_sdl.h; sourceTree = "<group>"; };
		D2047A6B2793B19F00B4B442 /* imgui_impl_metal.mm */ = {isa = PBXFileReference; fileEncoding = 4; lastKnownFileType = sourcecode.cpp.objcpp; path = imgui_impl_metal.mm; sourceTree = "<group>"; };
		D2047A762793B19F00B4B442 /* imgui_impl_metal.h */ = {isa = PBXFileReference; fileEncoding = 4; lastKnownFileType = sourcecode.c.h; path = imgui_impl_metal.h; sourceTree = "<group>"; };
		D2047A822793B19F00B4B442 /* imgui_impl_sdl.cpp */ = {isa = PBXFileReference; fileEncoding = 4; lastKnownFileType = sourcecode.cpp.cpp; path = imgui_impl_sdl.cpp; sourceTree = "<group>"; };
		D2047A8B2793B19F00B4B442 /* .editorconfig */ = {isa = PBXFileReference; fileEncoding = 4; lastKnownFileType = text; path = .editorconfig; sourceTree = "<group>"; };
		D2047A8C2793B19F00B4B442 /* .gitignore */ = {isa = PBXFileReference; fileEncoding = 4; lastKnownFileType = text; path = .gitignore; sourceTree = "<group>"; };
		D2047A8D2793B19F00B4B442 /* imgui.cpp */ = {isa = PBXFileReference; fileEncoding = 4; lastKnownFileType = sourcecode.cpp.cpp; path = imgui.cpp; sourceTree = "<group>"; };
		D2047B262793B1A000B4B442 /* imgui_internal.h */ = {isa = PBXFileReference; fileEncoding = 4; lastKnownFileType = sourcecode.c.h; path = imgui_internal.h; sourceTree = "<group>"; };
		D2047B282793B1A000B4B442 /* FUNDING.yml */ = {isa = PBXFileReference; fileEncoding = 4; lastKnownFileType = text.yaml; path = FUNDING.yml; sourceTree = "<group>"; };
		D2047B2A2793B1A000B4B442 /* static-analysis.yml */ = {isa = PBXFileReference; fileEncoding = 4; lastKnownFileType = text.yaml; path = "static-analysis.yml"; sourceTree = "<group>"; };
		D2047B2B2793B1A000B4B442 /* scheduled.yml */ = {isa = PBXFileReference; fileEncoding = 4; lastKnownFileType = text.yaml; path = scheduled.yml; sourceTree = "<group>"; };
		D2047B2C2793B1A000B4B442 /* build.yml */ = {isa = PBXFileReference; fileEncoding = 4; lastKnownFileType = text.yaml; path = build.yml; sourceTree = "<group>"; };
		D2047B2D2793B1A000B4B442 /* pull_request_template.md */ = {isa = PBXFileReference; fileEncoding = 4; lastKnownFileType = net.daringfireball.markdown; path = pull_request_template.md; sourceTree = "<group>"; };
		D2047B2E2793B1A000B4B442 /* issue_template.md */ = {isa = PBXFileReference; fileEncoding = 4; lastKnownFileType = net.daringfireball.markdown; path = issue_template.md; sourceTree = "<group>"; };
		D2047B2F2793B1A000B4B442 /* .gitattributes */ = {isa = PBXFileReference; fileEncoding = 4; lastKnownFileType = text; path = .gitattributes; sourceTree = "<group>"; };
		D2047B302793B1A000B4B442 /* imstb_rectpack.h */ = {isa = PBXFileReference; fileEncoding = 4; lastKnownFileType = sourcecode.c.h; path = imstb_rectpack.h; sourceTree = "<group>"; };
		D2047B312793B1A000B4B442 /* LICENSE.txt */ = {isa = PBXFileReference; fileEncoding = 4; lastKnownFileType = text; path = LICENSE.txt; sourceTree = "<group>"; };
		D2047B322793B1A000B4B442 /* imgui_tables.cpp */ = {isa = PBXFileReference; fileEncoding = 4; lastKnownFileType = sourcecode.cpp.cpp; path = imgui_tables.cpp; sourceTree = "<group>"; };
		D2047B332793B1A000B4B442 /* imgui_demo.cpp */ = {isa = PBXFileReference; fileEncoding = 4; lastKnownFileType = sourcecode.cpp.cpp; path = imgui_demo.cpp; sourceTree = "<group>"; };
		D2047B342793B1A000B4B442 /* imgui_draw.cpp */ = {isa = PBXFileReference; fileEncoding = 4; lastKnownFileType = sourcecode.cpp.cpp; path = imgui_draw.cpp; sourceTree = "<group>"; };
		D20C0B2F284538AD00F5DC08 /* UserAction.mm */ = {isa = PBXFileReference; lastKnownFileType = sourcecode.cpp.objcpp; path = UserAction.mm; sourceTree = "<group>"; };
		D20C0B31284538BE00F5DC08 /* UserAction.h */ = {isa = PBXFileReference; lastKnownFileType = sourcecode.c.h; path = UserAction.h; sourceTree = "<group>"; };
		D20C0B32284539BE00F5DC08 /* VertexMoveAction.h */ = {isa = PBXFileReference; lastKnownFileType = sourcecode.c.h; path = VertexMoveAction.h; sourceTree = "<group>"; };
		D20C0B3528453C2C00F5DC08 /* VertexMoveAction.mm */ = {isa = PBXFileReference; lastKnownFileType = sourcecode.cpp.objcpp; path = VertexMoveAction.mm; sourceTree = "<group>"; };
		D20C0B3D2845D66800F5DC08 /* FaceAddVertexAction.h */ = {isa = PBXFileReference; fileEncoding = 4; lastKnownFileType = sourcecode.c.h; path = FaceAddVertexAction.h; sourceTree = "<group>"; };
		D20C0B3E2845D68900F5DC08 /* FaceAddVertexAction.mm */ = {isa = PBXFileReference; fileEncoding = 4; lastKnownFileType = sourcecode.cpp.objcpp; path = FaceAddVertexAction.mm; sourceTree = "<group>"; };
		D20C0B402845E1FB00F5DC08 /* EdgeAddVertexAction.h */ = {isa = PBXFileReference; fileEncoding = 4; lastKnownFileType = sourcecode.c.h; path = EdgeAddVertexAction.h; sourceTree = "<group>"; };
		D20C0B412845E20400F5DC08 /* EdgeAddVertexAction.mm */ = {isa = PBXFileReference; fileEncoding = 4; lastKnownFileType = sourcecode.cpp.objcpp; path = EdgeAddVertexAction.mm; sourceTree = "<group>"; };
		D2145B3F284D71F100C25502 /* imfilebrowser.h */ = {isa = PBXFileReference; lastKnownFileType = sourcecode.c.h; name = imfilebrowser.h; path = dragonfly/imfilebrowser.h; sourceTree = "<group>"; };
		D2145B40284D71F200C25502 /* imfilebrowser.h */ = {isa = PBXFileReference; lastKnownFileType = sourcecode.c.h; path = imfilebrowser.h; sourceTree = "<group>"; };
		D224A4652791464D0099CF9D /* Processing.metal */ = {isa = PBXFileReference; fileEncoding = 4; lastKnownFileType = sourcecode.metal; path = Processing.metal; sourceTree = "<group>"; };
		D28B7D832793B45500C0E47F /* Info.plist */ = {isa = PBXFileReference; lastKnownFileType = text.plist; path = Info.plist; sourceTree = "<group>"; };
		D28B7D842793B4AC00C0E47F /* SDL2.framework */ = {isa = PBXFileReference; lastKnownFileType = wrapper.framework; name = SDL2.framework; path = ../../../../../../Library/Frameworks/SDL2.framework; sourceTree = "<group>"; };
		D2A99F7C2792BCF100E85036 /* Model.h */ = {isa = PBXFileReference; explicitFileType = sourcecode.cpp.h; path = Model.h; sourceTree = "<group>"; };
		D2A99F7D2792BF7D00E85036 /* Model.mm */ = {isa = PBXFileReference; explicitFileType = sourcecode.cpp.objcpp; path = Model.mm; sourceTree = "<group>"; };
		D2B08AD5296D240800CA5FFC /* JoinModels.mm */ = {isa = PBXFileReference; lastKnownFileType = sourcecode.cpp.objcpp; path = JoinModels.mm; sourceTree = "<group>"; };
		D2B08AD6296D240800CA5FFC /* JoinModels.h */ = {isa = PBXFileReference; lastKnownFileType = sourcecode.c.h; path = JoinModels.h; sourceTree = "<group>"; };
		D2D9BC5F2846FE7900D22480 /* ModelMoveAction.h */ = {isa = PBXFileReference; fileEncoding = 4; lastKnownFileType = sourcecode.c.h; path = ModelMoveAction.h; sourceTree = "<group>"; };
		D2D9BC602846FE8400D22480 /* ModelMoveAction.mm */ = {isa = PBXFileReference; fileEncoding = 4; lastKnownFileType = sourcecode.cpp.objcpp; path = ModelMoveAction.mm; sourceTree = "<group>"; };
		D2E399A52874B399003381DD /* Scene.mm */ = {isa = PBXFileReference; lastKnownFileType = sourcecode.cpp.objcpp; path = Scene.mm; sourceTree = "<group>"; };
		D2E399A72874B3AF003381DD /* Scene.h */ = {isa = PBXFileReference; lastKnownFileType = sourcecode.c.h; path = Scene.h; sourceTree = "<group>"; };
		D2E399A82874BD59003381DD /* Scheme.mm */ = {isa = PBXFileReference; lastKnownFileType = sourcecode.cpp.objcpp; path = Scheme.mm; sourceTree = "<group>"; };
		D2E399A92874BD59003381DD /* Scheme.h */ = {isa = PBXFileReference; lastKnownFileType = sourcecode.c.h; path = Scheme.h; sourceTree = "<group>"; };
		D2E399AC2874C877003381DD /* ComputePipeline.mm */ = {isa = PBXFileReference; lastKnownFileType = sourcecode.cpp.objcpp; path = ComputePipeline.mm; sourceTree = "<group>"; };
		D2E399AE2874C883003381DD /* ComputePipeline.h */ = {isa = PBXFileReference; lastKnownFileType = sourcecode.c.h; path = ComputePipeline.h; sourceTree = "<group>"; };
		D2E399AF2874DEC4003381DD /* RenderPipeline.mm */ = {isa = PBXFileReference; lastKnownFileType = sourcecode.cpp.objcpp; path = RenderPipeline.mm; sourceTree = "<group>"; };
		D2E399B32874DF29003381DD /* RenderPipeline.h */ = {isa = PBXFileReference; lastKnownFileType = sourcecode.c.h; path = RenderPipeline.h; sourceTree = "<group>"; };
		D2E399B42874E883003381DD /* EditFEVScheme.h */ = {isa = PBXFileReference; lastKnownFileType = sourcecode.c.h; path = EditFEVScheme.h; sourceTree = "<group>"; };
		D2E399B52874E997003381DD /* EditFEVScheme.mm */ = {isa = PBXFileReference; lastKnownFileType = sourcecode.cpp.objcpp; path = EditFEVScheme.mm; sourceTree = "<group>"; };
		D2E399B72874EDA5003381DD /* EditNodeScheme.mm */ = {isa = PBXFileReference; lastKnownFileType = sourcecode.cpp.objcpp; path = EditNodeScheme.mm; sourceTree = "<group>"; };
		D2E399B92874EDAE003381DD /* EditNodeScheme.h */ = {isa = PBXFileReference; lastKnownFileType = sourcecode.c.h; path = EditNodeScheme.h; sourceTree = "<group>"; };
		D2E399BA2874F6D8003381DD /* EditModelScheme.h */ = {isa = PBXFileReference; lastKnownFileType = sourcecode.c.h; path = EditModelScheme.h; sourceTree = "<group>"; };
		D2E399BB2874F6E8003381DD /* EditModelScheme.mm */ = {isa = PBXFileReference; lastKnownFileType = sourcecode.cpp.objcpp; path = EditModelScheme.mm; sourceTree = "<group>"; };
		D2E399BD2874FD95003381DD /* Utils.h */ = {isa = PBXFileReference; lastKnownFileType = sourcecode.c.h; path = Utils.h; sourceTree = "<group>"; };
		D2E399BE2874FDA5003381DD /* Utils.mm */ = {isa = PBXFileReference; lastKnownFileType = sourcecode.cpp.objcpp; path = Utils.mm; sourceTree = "<group>"; };
		D2E79A7C2950103000051DDF /* Project2D.mm */ = {isa = PBXFileReference; lastKnownFileType = sourcecode.cpp.objcpp; path = Project2D.mm; sourceTree = "<group>"; };
		D2E79A7D2950103000051DDF /* Project2D.h */ = {isa = PBXFileReference; lastKnownFileType = sourcecode.c.h; path = Project2D.h; sourceTree = "<group>"; };
		D2EAF74E27914118002DE553 /* dragonfly.app */ = {isa = PBXFileReference; explicitFileType = wrapper.application; includeInIndex = 0; path = dragonfly.app; sourceTree = BUILT_PRODUCTS_DIR; };
		D2EAF75127914118002DE553 /* AppDelegate.h */ = {isa = PBXFileReference; lastKnownFileType = sourcecode.c.h; path = AppDelegate.h; sourceTree = "<group>"; };
		D2EAF75227914118002DE553 /* AppDelegate.m */ = {isa = PBXFileReference; lastKnownFileType = sourcecode.c.objc; path = AppDelegate.m; sourceTree = "<group>"; };
		D2EAF75727914119002DE553 /* Assets.xcassets */ = {isa = PBXFileReference; lastKnownFileType = folder.assetcatalog; path = Assets.xcassets; sourceTree = "<group>"; };
		D2EAF75C27914119002DE553 /* main.mm */ = {isa = PBXFileReference; explicitFileType = sourcecode.cpp.objcpp; path = main.mm; sourceTree = "<group>"; };
		D2EAF75E27914119002DE553 /* dragonfly.entitlements */ = {isa = PBXFileReference; lastKnownFileType = text.plist.entitlements; path = dragonfly.entitlements; sourceTree = "<group>"; };
		D2EAF76327914119002DE553 /* dragonflyTests.xctest */ = {isa = PBXFileReference; explicitFileType = wrapper.cfbundle; includeInIndex = 0; path = dragonflyTests.xctest; sourceTree = BUILT_PRODUCTS_DIR; };
		D2EAF76727914119002DE553 /* dragonflyTests.m */ = {isa = PBXFileReference; lastKnownFileType = sourcecode.c.objc; path = dragonflyTests.m; sourceTree = "<group>"; };
		D2EAF76D27914119002DE553 /* dragonflyUITests.xctest */ = {isa = PBXFileReference; explicitFileType = wrapper.cfbundle; includeInIndex = 0; path = dragonflyUITests.xctest; sourceTree = BUILT_PRODUCTS_DIR; };
		D2EAF77127914119002DE553 /* dragonflyUITests.m */ = {isa = PBXFileReference; lastKnownFileType = sourcecode.c.objc; path = dragonflyUITests.m; sourceTree = "<group>"; };
		D2EAF77327914119002DE553 /* dragonflyUITestsLaunchTests.m */ = {isa = PBXFileReference; lastKnownFileType = sourcecode.c.objc; path = dragonflyUITestsLaunchTests.m; sourceTree = "<group>"; };
		D2EAF92327914191002DE553 /* Metal.framework */ = {isa = PBXFileReference; lastKnownFileType = wrapper.framework; name = Metal.framework; path = System/Library/Frameworks/Metal.framework; sourceTree = SDKROOT; };
		D2EAF92527914197002DE553 /* QuartzCore.framework */ = {isa = PBXFileReference; lastKnownFileType = wrapper.framework; name = QuartzCore.framework; path = System/Library/Frameworks/QuartzCore.framework; sourceTree = SDKROOT; };
		D2F0B0CD28985CE200057FD6 /* Engine.h */ = {isa = PBXFileReference; lastKnownFileType = sourcecode.c.h; path = Engine.h; sourceTree = "<group>"; };
		D2F0B0CE28985CF200057FD6 /* Engine.mm */ = {isa = PBXFileReference; lastKnownFileType = sourcecode.cpp.objcpp; path = Engine.mm; sourceTree = "<group>"; };
		D2F0B0D0289878E300057FD6 /* SchemeController.h */ = {isa = PBXFileReference; lastKnownFileType = sourcecode.c.h; path = SchemeController.h; sourceTree = "<group>"; };
		D2F0B0D1289878F300057FD6 /* SchemeController.mm */ = {isa = PBXFileReference; lastKnownFileType = sourcecode.cpp.objcpp; path = SchemeController.mm; sourceTree = "<group>"; };
/* End PBXFileReference section */

/* Begin PBXFrameworksBuildPhase section */
		D2EAF74B27914118002DE553 /* Frameworks */ = {
			isa = PBXFrameworksBuildPhase;
			buildActionMask = 2147483647;
			files = (
				D28B7D852793B4AC00C0E47F /* SDL2.framework in Frameworks */,
				D2EAF92627914197002DE553 /* QuartzCore.framework in Frameworks */,
				D2EAF92427914191002DE553 /* Metal.framework in Frameworks */,
			);
			runOnlyForDeploymentPostprocessing = 0;
		};
		D2EAF76027914119002DE553 /* Frameworks */ = {
			isa = PBXFrameworksBuildPhase;
			buildActionMask = 2147483647;
			files = (
			);
			runOnlyForDeploymentPostprocessing = 0;
		};
		D2EAF76A27914119002DE553 /* Frameworks */ = {
			isa = PBXFrameworksBuildPhase;
			buildActionMask = 2147483647;
			files = (
			);
			runOnlyForDeploymentPostprocessing = 0;
		};
/* End PBXFrameworksBuildPhase section */

/* Begin PBXGroup section */
		D2047A3C2793B19F00B4B442 /* imgui */ = {
			isa = PBXGroup;
			children = (
				D2145B40284D71F200C25502 /* imfilebrowser.h */,
				D2047A562793B19F00B4B442 /* imgui.h */,
				D2047A572793B19F00B4B442 /* imstb_textedit.h */,
				D2047A582793B19F00B4B442 /* imconfig.h */,
				D2047A592793B19F00B4B442 /* imgui_widgets.cpp */,
				D2047A5A2793B19F00B4B442 /* imstb_truetype.h */,
				D2047A5B2793B19F00B4B442 /* backends */,
				D2047A8B2793B19F00B4B442 /* .editorconfig */,
				D2047A8C2793B19F00B4B442 /* .gitignore */,
				D2047A8D2793B19F00B4B442 /* imgui.cpp */,
				D2047B262793B1A000B4B442 /* imgui_internal.h */,
				D2047B272793B1A000B4B442 /* .github */,
				D2047B2F2793B1A000B4B442 /* .gitattributes */,
				D2047B302793B1A000B4B442 /* imstb_rectpack.h */,
				D2047B312793B1A000B4B442 /* LICENSE.txt */,
				D2047B322793B1A000B4B442 /* imgui_tables.cpp */,
				D2047B332793B1A000B4B442 /* imgui_demo.cpp */,
				D2047B342793B1A000B4B442 /* imgui_draw.cpp */,
			);
			name = imgui;
			path = ../../../frameworks/imgui;
			sourceTree = "<group>";
		};
		D2047A5B2793B19F00B4B442 /* backends */ = {
			isa = PBXGroup;
			children = (
				D2047A602793B19F00B4B442 /* imgui_impl_sdl.h */,
				D2047A6B2793B19F00B4B442 /* imgui_impl_metal.mm */,
				D2047A762793B19F00B4B442 /* imgui_impl_metal.h */,
				D2047A822793B19F00B4B442 /* imgui_impl_sdl.cpp */,
			);
			path = backends;
			sourceTree = "<group>";
		};
		D2047B272793B1A000B4B442 /* .github */ = {
			isa = PBXGroup;
			children = (
				D2047B282793B1A000B4B442 /* FUNDING.yml */,
				D2047B292793B1A000B4B442 /* workflows */,
				D2047B2D2793B1A000B4B442 /* pull_request_template.md */,
				D2047B2E2793B1A000B4B442 /* issue_template.md */,
			);
			path = .github;
			sourceTree = "<group>";
		};
		D2047B292793B1A000B4B442 /* workflows */ = {
			isa = PBXGroup;
			children = (
				D2047B2A2793B1A000B4B442 /* static-analysis.yml */,
				D2047B2B2793B1A000B4B442 /* scheduled.yml */,
				D2047B2C2793B1A000B4B442 /* build.yml */,
			);
			path = workflows;
			sourceTree = "<group>";
		};
		D20C0B33284539C700F5DC08 /* UserActions */ = {
			isa = PBXGroup;
			children = (
				D20C0B31284538BE00F5DC08 /* UserAction.h */,
				D20C0B2F284538AD00F5DC08 /* UserAction.mm */,
				D2D9BC5F2846FE7900D22480 /* ModelMoveAction.h */,
				D2D9BC602846FE8400D22480 /* ModelMoveAction.mm */,
				D20C0B32284539BE00F5DC08 /* VertexMoveAction.h */,
				D20C0B3528453C2C00F5DC08 /* VertexMoveAction.mm */,
				D20C0B3D2845D66800F5DC08 /* FaceAddVertexAction.h */,
				D20C0B3E2845D68900F5DC08 /* FaceAddVertexAction.mm */,
				D20C0B402845E1FB00F5DC08 /* EdgeAddVertexAction.h */,
				D20C0B412845E20400F5DC08 /* EdgeAddVertexAction.mm */,
			);
			path = UserActions;
			sourceTree = "<group>";
		};
		D20C0B34284539D300F5DC08 /* Modeling */ = {
			isa = PBXGroup;
			children = (
				D2A99F7C2792BCF100E85036 /* Model.h */,
				D2A99F7D2792BF7D00E85036 /* Model.mm */,
				D203034F27D466F4006667BA /* Arrow.h */,
				D203035027D4670E006667BA /* Arrow.mm */,
				D2E399A72874B3AF003381DD /* Scene.h */,
				D2E399A52874B399003381DD /* Scene.mm */,
			);
			path = Modeling;
			sourceTree = "<group>";
		};
		D2E399AB2874BEBE003381DD /* Schemes */ = {
			isa = PBXGroup;
			children = (
				D2F0B0D0289878E300057FD6 /* SchemeController.h */,
				D2F0B0D1289878F300057FD6 /* SchemeController.mm */,
				D2E399A92874BD59003381DD /* Scheme.h */,
				D2E399A82874BD59003381DD /* Scheme.mm */,
				D2E399BA2874F6D8003381DD /* EditModelScheme.h */,
				D2E399BB2874F6E8003381DD /* EditModelScheme.mm */,
				D2E399B42874E883003381DD /* EditFEVScheme.h */,
				D2E399B52874E997003381DD /* EditFEVScheme.mm */,
				D2E399B92874EDAE003381DD /* EditNodeScheme.h */,
				D2E399B72874EDA5003381DD /* EditNodeScheme.mm */,
			);
			path = Schemes;
			sourceTree = "<group>";
		};
		D2E399B12874DED4003381DD /* Pipelines */ = {
			isa = PBXGroup;
			children = (
				D2E399AE2874C883003381DD /* ComputePipeline.h */,
				D2E399AC2874C877003381DD /* ComputePipeline.mm */,
				D2E399B32874DF29003381DD /* RenderPipeline.h */,
				D2E399AF2874DEC4003381DD /* RenderPipeline.mm */,
			);
			path = Pipelines;
			sourceTree = "<group>";
		};
		D2E79A7B29500E9600051DDF /* Utils */ = {
			isa = PBXGroup;
			children = (
				D2E399BD2874FD95003381DD /* Utils.h */,
				D2E399BE2874FDA5003381DD /* Utils.mm */,
				D2E79A7D2950103000051DDF /* Project2D.h */,
				D2E79A7C2950103000051DDF /* Project2D.mm */,
				D2B08AD6296D240800CA5FFC /* JoinModels.h */,
				D2B08AD5296D240800CA5FFC /* JoinModels.mm */,
			);
			path = Utils;
			sourceTree = "<group>";
		};
		D2EAF74527914118002DE553 = {
			isa = PBXGroup;
			children = (
				D2145B3F284D71F100C25502 /* imfilebrowser.h */,
				D2047A3C2793B19F00B4B442 /* imgui */,
				D2EAF75027914118002DE553 /* dragonfly */,
				D2EAF76627914119002DE553 /* dragonflyTests */,
				D2EAF77027914119002DE553 /* dragonflyUITests */,
				D2EAF92227914191002DE553 /* Frameworks */,
			);
			sourceTree = "<group>";
		};
		D2EAF74F27914118002DE553 /* Products */ = {
			isa = PBXGroup;
			children = (
				D2EAF74E27914118002DE553 /* dragonfly.app */,
				D2EAF76327914119002DE553 /* dragonflyTests.xctest */,
				D2EAF76D27914119002DE553 /* dragonflyUITests.xctest */,
			);
			name = Products;
			sourceTree = "<group>";
		};
		D2EAF75027914118002DE553 /* dragonfly */ = {
			isa = PBXGroup;
			children = (
				D28B7D832793B45500C0E47F /* Info.plist */,
				D2EAF75E27914119002DE553 /* dragonfly.entitlements */,
				D2EAF75127914118002DE553 /* AppDelegate.h */,
				D2EAF75227914118002DE553 /* AppDelegate.m */,
				D2EAF75727914119002DE553 /* Assets.xcassets */,
				D2E79A7B29500E9600051DDF /* Utils */,
				D20C0B33284539C700F5DC08 /* UserActions */,
				D20C0B34284539D300F5DC08 /* Modeling */,
				D2E399AB2874BEBE003381DD /* Schemes */,
				D2E399B12874DED4003381DD /* Pipelines */,
				D2F0B0CD28985CE200057FD6 /* Engine.h */,
				D2F0B0CE28985CF200057FD6 /* Engine.mm */,
				D2EAF75C27914119002DE553 /* main.mm */,
				D224A4652791464D0099CF9D /* Processing.metal */,
			);
			path = dragonfly;
			sourceTree = "<group>";
		};
		D2EAF76627914119002DE553 /* dragonflyTests */ = {
			isa = PBXGroup;
			children = (
				D2EAF76727914119002DE553 /* dragonflyTests.m */,
			);
			path = dragonflyTests;
			sourceTree = "<group>";
		};
		D2EAF77027914119002DE553 /* dragonflyUITests */ = {
			isa = PBXGroup;
			children = (
				D2EAF77127914119002DE553 /* dragonflyUITests.m */,
				D2EAF77327914119002DE553 /* dragonflyUITestsLaunchTests.m */,
			);
			path = dragonflyUITests;
			sourceTree = "<group>";
		};
		D2EAF92227914191002DE553 /* Frameworks */ = {
			isa = PBXGroup;
			children = (
				D2EAF74F27914118002DE553 /* Products */,
				D28B7D842793B4AC00C0E47F /* SDL2.framework */,
				D2EAF92527914197002DE553 /* QuartzCore.framework */,
				D2EAF92327914191002DE553 /* Metal.framework */,
			);
			name = Frameworks;
			sourceTree = "<group>";
		};
/* End PBXGroup section */

/* Begin PBXNativeTarget section */
		D2EAF74D27914118002DE553 /* dragonfly */ = {
			isa = PBXNativeTarget;
			buildConfigurationList = D2EAF77727914119002DE553 /* Build configuration list for PBXNativeTarget "dragonfly" */;
			buildPhases = (
				D2EAF74A27914118002DE553 /* Sources */,
				D2EAF74B27914118002DE553 /* Frameworks */,
				D2EAF74C27914118002DE553 /* Resources */,
				D28B7D872793B4AD00C0E47F /* Embed Frameworks */,
			);
			buildRules = (
			);
			dependencies = (
			);
			name = dragonfly;
			productName = dragonfly;
			productReference = D2EAF74E27914118002DE553 /* dragonfly.app */;
			productType = "com.apple.product-type.application";
		};
		D2EAF76227914119002DE553 /* dragonflyTests */ = {
			isa = PBXNativeTarget;
			buildConfigurationList = D2EAF77A27914119002DE553 /* Build configuration list for PBXNativeTarget "dragonflyTests" */;
			buildPhases = (
				D2EAF75F27914119002DE553 /* Sources */,
				D2EAF76027914119002DE553 /* Frameworks */,
				D2EAF76127914119002DE553 /* Resources */,
			);
			buildRules = (
			);
			dependencies = (
				D2EAF76527914119002DE553 /* PBXTargetDependency */,
			);
			name = dragonflyTests;
			productName = dragonflyTests;
			productReference = D2EAF76327914119002DE553 /* dragonflyTests.xctest */;
			productType = "com.apple.product-type.bundle.unit-test";
		};
		D2EAF76C27914119002DE553 /* dragonflyUITests */ = {
			isa = PBXNativeTarget;
			buildConfigurationList = D2EAF77D27914119002DE553 /* Build configuration list for PBXNativeTarget "dragonflyUITests" */;
			buildPhases = (
				D2EAF76927914119002DE553 /* Sources */,
				D2EAF76A27914119002DE553 /* Frameworks */,
				D2EAF76B27914119002DE553 /* Resources */,
			);
			buildRules = (
			);
			dependencies = (
				D2EAF76F27914119002DE553 /* PBXTargetDependency */,
			);
			name = dragonflyUITests;
			productName = dragonflyUITests;
			productReference = D2EAF76D27914119002DE553 /* dragonflyUITests.xctest */;
			productType = "com.apple.product-type.bundle.ui-testing";
		};
/* End PBXNativeTarget section */

/* Begin PBXProject section */
		D2EAF74627914118002DE553 /* Project object */ = {
			isa = PBXProject;
			attributes = {
				BuildIndependentTargetsInParallel = 1;
				LastUpgradeCheck = 1310;
				TargetAttributes = {
					D2EAF74D27914118002DE553 = {
						CreatedOnToolsVersion = 13.1;
					};
					D2EAF76227914119002DE553 = {
						CreatedOnToolsVersion = 13.1;
						TestTargetID = D2EAF74D27914118002DE553;
					};
					D2EAF76C27914119002DE553 = {
						CreatedOnToolsVersion = 13.1;
						TestTargetID = D2EAF74D27914118002DE553;
					};
				};
			};
			buildConfigurationList = D2EAF74927914118002DE553 /* Build configuration list for PBXProject "dragonfly" */;
			compatibilityVersion = "Xcode 13.0";
			developmentRegion = en;
			hasScannedForEncodings = 0;
			knownRegions = (
				en,
				Base,
			);
			mainGroup = D2EAF74527914118002DE553;
			productRefGroup = D2EAF74F27914118002DE553 /* Products */;
			projectDirPath = "";
			projectRoot = "";
			targets = (
				D2EAF74D27914118002DE553 /* dragonfly */,
				D2EAF76227914119002DE553 /* dragonflyTests */,
				D2EAF76C27914119002DE553 /* dragonflyUITests */,
			);
		};
/* End PBXProject section */

/* Begin PBXResourcesBuildPhase section */
		D2EAF74C27914118002DE553 /* Resources */ = {
			isa = PBXResourcesBuildPhase;
			buildActionMask = 2147483647;
			files = (
				D2EAF75827914119002DE553 /* Assets.xcassets in Resources */,
				D2047B6A2793B1A000B4B442 /* .editorconfig in Resources */,
				D2047BDB2793B1A000B4B442 /* LICENSE.txt in Resources */,
				D2047B6B2793B1A000B4B442 /* .gitignore in Resources */,
				D2047BD42793B1A000B4B442 /* FUNDING.yml in Resources */,
				D2047BD62793B1A000B4B442 /* scheduled.yml in Resources */,
				D2047BD92793B1A000B4B442 /* issue_template.md in Resources */,
				D2047BDA2793B1A000B4B442 /* .gitattributes in Resources */,
				D2047BD72793B1A000B4B442 /* build.yml in Resources */,
				D2047BD52793B1A000B4B442 /* static-analysis.yml in Resources */,
				D2047BD82793B1A000B4B442 /* pull_request_template.md in Resources */,
			);
			runOnlyForDeploymentPostprocessing = 0;
		};
		D2EAF76127914119002DE553 /* Resources */ = {
			isa = PBXResourcesBuildPhase;
			buildActionMask = 2147483647;
			files = (
			);
			runOnlyForDeploymentPostprocessing = 0;
		};
		D2EAF76B27914119002DE553 /* Resources */ = {
			isa = PBXResourcesBuildPhase;
			buildActionMask = 2147483647;
			files = (
			);
			runOnlyForDeploymentPostprocessing = 0;
		};
/* End PBXResourcesBuildPhase section */

/* Begin PBXSourcesBuildPhase section */
		D2EAF74A27914118002DE553 /* Sources */ = {
			isa = PBXSourcesBuildPhase;
			buildActionMask = 2147483647;
			files = (
				D2B08AD7296D240800CA5FFC /* JoinModels.mm in Sources */,
				D2E399BF2874FDA5003381DD /* Utils.mm in Sources */,
				D2E399BC2874F6E8003381DD /* EditModelScheme.mm in Sources */,
				D2A99F7E2792BF7D00E85036 /* Model.mm in Sources */,
				D2047B6C2793B1A000B4B442 /* imgui.cpp in Sources */,
				D20C0B422845E20400F5DC08 /* EdgeAddVertexAction.mm in Sources */,
				D2EAF75D27914119002DE553 /* main.mm in Sources */,
				D2E399A62874B399003381DD /* Scene.mm in Sources */,
				D2047B522793B1A000B4B442 /* imgui_impl_metal.mm in Sources */,
				D2E399B62874E998003381DD /* EditFEVScheme.mm in Sources */,
				D2047B622793B1A000B4B442 /* imgui_impl_sdl.cpp in Sources */,
				D2E399B82874EDA5003381DD /* EditNodeScheme.mm in Sources */,
				D2E79A7E2950103000051DDF /* Project2D.mm in Sources */,
				D2E399AA2874BD59003381DD /* Scheme.mm in Sources */,
				D2047BDE2793B1A000B4B442 /* imgui_draw.cpp in Sources */,
				D20C0B3F2845D68900F5DC08 /* FaceAddVertexAction.mm in Sources */,
				D224A4662791464D0099CF9D /* Processing.metal in Sources */,
				D2047BDC2793B1A000B4B442 /* imgui_tables.cpp in Sources */,
				D2E399AD2874C877003381DD /* ComputePipeline.mm in Sources */,
				D2047B4E2793B1A000B4B442 /* imgui_widgets.cpp in Sources */,
				D20C0B30284538AD00F5DC08 /* UserAction.mm in Sources */,
				D203035127D4670E006667BA /* Arrow.mm in Sources */,
				D2F0B0CF28985CF700057FD6 /* Engine.mm in Sources */,
				D2D9BC612846FE8400D22480 /* ModelMoveAction.mm in Sources */,
				D2E399B02874DEC4003381DD /* RenderPipeline.mm in Sources */,
				D2047BDD2793B1A000B4B442 /* imgui_demo.cpp in Sources */,
				D2F0B0D2289878F600057FD6 /* SchemeController.mm in Sources */,
				D20C0B3628453C2C00F5DC08 /* VertexMoveAction.mm in Sources */,
				D2EAF75327914118002DE553 /* AppDelegate.m in Sources */,
			);
			runOnlyForDeploymentPostprocessing = 0;
		};
		D2EAF75F27914119002DE553 /* Sources */ = {
			isa = PBXSourcesBuildPhase;
			buildActionMask = 2147483647;
			files = (
				D2EAF76827914119002DE553 /* dragonflyTests.m in Sources */,
			);
			runOnlyForDeploymentPostprocessing = 0;
		};
		D2EAF76927914119002DE553 /* Sources */ = {
			isa = PBXSourcesBuildPhase;
			buildActionMask = 2147483647;
			files = (
				D2EAF77227914119002DE553 /* dragonflyUITests.m in Sources */,
				D2EAF77427914119002DE553 /* dragonflyUITestsLaunchTests.m in Sources */,
			);
			runOnlyForDeploymentPostprocessing = 0;
		};
/* End PBXSourcesBuildPhase section */

/* Begin PBXTargetDependency section */
		D2EAF76527914119002DE553 /* PBXTargetDependency */ = {
			isa = PBXTargetDependency;
			target = D2EAF74D27914118002DE553 /* dragonfly */;
			targetProxy = D2EAF76427914119002DE553 /* PBXContainerItemProxy */;
		};
		D2EAF76F27914119002DE553 /* PBXTargetDependency */ = {
			isa = PBXTargetDependency;
			target = D2EAF74D27914118002DE553 /* dragonfly */;
			targetProxy = D2EAF76E27914119002DE553 /* PBXContainerItemProxy */;
		};
/* End PBXTargetDependency section */

/* Begin XCBuildConfiguration section */
		D2EAF77527914119002DE553 /* Debug */ = {
			isa = XCBuildConfiguration;
			buildSettings = {
				ALWAYS_SEARCH_USER_PATHS = NO;
				CLANG_ANALYZER_NONNULL = YES;
				CLANG_ANALYZER_NUMBER_OBJECT_CONVERSION = YES_AGGRESSIVE;
				CLANG_CXX_LANGUAGE_STANDARD = "gnu++17";
				CLANG_CXX_LIBRARY = "libc++";
				CLANG_ENABLE_MODULES = YES;
				CLANG_ENABLE_OBJC_ARC = YES;
				CLANG_ENABLE_OBJC_WEAK = YES;
				CLANG_WARN_BLOCK_CAPTURE_AUTORELEASING = YES;
				CLANG_WARN_BOOL_CONVERSION = YES;
				CLANG_WARN_COMMA = YES;
				CLANG_WARN_CONSTANT_CONVERSION = YES;
				CLANG_WARN_DEPRECATED_OBJC_IMPLEMENTATIONS = YES;
				CLANG_WARN_DIRECT_OBJC_ISA_USAGE = YES_ERROR;
				CLANG_WARN_DOCUMENTATION_COMMENTS = YES;
				CLANG_WARN_EMPTY_BODY = YES;
				CLANG_WARN_ENUM_CONVERSION = YES;
				CLANG_WARN_INFINITE_RECURSION = YES;
				CLANG_WARN_INT_CONVERSION = YES;
				CLANG_WARN_NON_LITERAL_NULL_CONVERSION = YES;
				CLANG_WARN_OBJC_IMPLICIT_RETAIN_SELF = YES;
				CLANG_WARN_OBJC_LITERAL_CONVERSION = YES;
				CLANG_WARN_OBJC_ROOT_CLASS = YES_ERROR;
				CLANG_WARN_QUOTED_INCLUDE_IN_FRAMEWORK_HEADER = YES;
				CLANG_WARN_RANGE_LOOP_ANALYSIS = YES;
				CLANG_WARN_STRICT_PROTOTYPES = YES;
				CLANG_WARN_SUSPICIOUS_MOVE = YES;
				CLANG_WARN_UNGUARDED_AVAILABILITY = YES_AGGRESSIVE;
				CLANG_WARN_UNREACHABLE_CODE = YES;
				CLANG_WARN__DUPLICATE_METHOD_MATCH = YES;
				COPY_PHASE_STRIP = NO;
				DEBUG_INFORMATION_FORMAT = dwarf;
				ENABLE_STRICT_OBJC_MSGSEND = YES;
				ENABLE_TESTABILITY = YES;
				GCC_C_LANGUAGE_STANDARD = gnu11;
				GCC_DYNAMIC_NO_PIC = NO;
				GCC_NO_COMMON_BLOCKS = YES;
				GCC_OPTIMIZATION_LEVEL = 0;
				GCC_PREPROCESSOR_DEFINITIONS = (
					"DEBUG=1",
					"$(inherited)",
				);
				GCC_WARN_64_TO_32_BIT_CONVERSION = YES;
				GCC_WARN_ABOUT_RETURN_TYPE = YES_ERROR;
				GCC_WARN_UNDECLARED_SELECTOR = YES;
				GCC_WARN_UNINITIALIZED_AUTOS = YES_AGGRESSIVE;
				GCC_WARN_UNUSED_FUNCTION = YES;
				GCC_WARN_UNUSED_VARIABLE = YES;
				MACOSX_DEPLOYMENT_TARGET = 12.0;
				MTL_ENABLE_DEBUG_INFO = INCLUDE_SOURCE;
				MTL_FAST_MATH = YES;
				ONLY_ACTIVE_ARCH = YES;
				SDKROOT = macosx;
			};
			name = Debug;
		};
		D2EAF77627914119002DE553 /* Release */ = {
			isa = XCBuildConfiguration;
			buildSettings = {
				ALWAYS_SEARCH_USER_PATHS = NO;
				CLANG_ANALYZER_NONNULL = YES;
				CLANG_ANALYZER_NUMBER_OBJECT_CONVERSION = YES_AGGRESSIVE;
				CLANG_CXX_LANGUAGE_STANDARD = "gnu++17";
				CLANG_CXX_LIBRARY = "libc++";
				CLANG_ENABLE_MODULES = YES;
				CLANG_ENABLE_OBJC_ARC = YES;
				CLANG_ENABLE_OBJC_WEAK = YES;
				CLANG_WARN_BLOCK_CAPTURE_AUTORELEASING = YES;
				CLANG_WARN_BOOL_CONVERSION = YES;
				CLANG_WARN_COMMA = YES;
				CLANG_WARN_CONSTANT_CONVERSION = YES;
				CLANG_WARN_DEPRECATED_OBJC_IMPLEMENTATIONS = YES;
				CLANG_WARN_DIRECT_OBJC_ISA_USAGE = YES_ERROR;
				CLANG_WARN_DOCUMENTATION_COMMENTS = YES;
				CLANG_WARN_EMPTY_BODY = YES;
				CLANG_WARN_ENUM_CONVERSION = YES;
				CLANG_WARN_INFINITE_RECURSION = YES;
				CLANG_WARN_INT_CONVERSION = YES;
				CLANG_WARN_NON_LITERAL_NULL_CONVERSION = YES;
				CLANG_WARN_OBJC_IMPLICIT_RETAIN_SELF = YES;
				CLANG_WARN_OBJC_LITERAL_CONVERSION = YES;
				CLANG_WARN_OBJC_ROOT_CLASS = YES_ERROR;
				CLANG_WARN_QUOTED_INCLUDE_IN_FRAMEWORK_HEADER = YES;
				CLANG_WARN_RANGE_LOOP_ANALYSIS = YES;
				CLANG_WARN_STRICT_PROTOTYPES = YES;
				CLANG_WARN_SUSPICIOUS_MOVE = YES;
				CLANG_WARN_UNGUARDED_AVAILABILITY = YES_AGGRESSIVE;
				CLANG_WARN_UNREACHABLE_CODE = YES;
				CLANG_WARN__DUPLICATE_METHOD_MATCH = YES;
				COPY_PHASE_STRIP = NO;
				DEBUG_INFORMATION_FORMAT = "dwarf-with-dsym";
				ENABLE_NS_ASSERTIONS = NO;
				ENABLE_STRICT_OBJC_MSGSEND = YES;
				GCC_C_LANGUAGE_STANDARD = gnu11;
				GCC_NO_COMMON_BLOCKS = YES;
				GCC_WARN_64_TO_32_BIT_CONVERSION = YES;
				GCC_WARN_ABOUT_RETURN_TYPE = YES_ERROR;
				GCC_WARN_UNDECLARED_SELECTOR = YES;
				GCC_WARN_UNINITIALIZED_AUTOS = YES_AGGRESSIVE;
				GCC_WARN_UNUSED_FUNCTION = YES;
				GCC_WARN_UNUSED_VARIABLE = YES;
				MACOSX_DEPLOYMENT_TARGET = 12.0;
				MTL_ENABLE_DEBUG_INFO = NO;
				MTL_FAST_MATH = YES;
				SDKROOT = macosx;
			};
			name = Release;
		};
		D2EAF77827914119002DE553 /* Debug */ = {
			isa = XCBuildConfiguration;
			buildSettings = {
				ASSETCATALOG_COMPILER_APPICON_NAME = AppIcon;
				ASSETCATALOG_COMPILER_GLOBAL_ACCENT_COLOR_NAME = AccentColor;
				CODE_SIGN_ENTITLEMENTS = dragonfly/dragonfly.entitlements;
				CODE_SIGN_STYLE = Automatic;
				COMBINE_HIDPI_IMAGES = YES;
				CURRENT_PROJECT_VERSION = 1;
				DEVELOPMENT_TEAM = PQU428V4N5;
				ENABLE_HARDENED_RUNTIME = YES;
				FRAMEWORK_SEARCH_PATHS = (
					"$(inherited)",
					"$(LOCAL_LIBRARY_DIR)/Frameworks",
				);
				GENERATE_INFOPLIST_FILE = YES;
				HEADER_SEARCH_PATHS = (
					/Users/thomasliang/Documents/frameworks/imgui,
					/Users/thomasliang/Documents/frameworks/imgui/backends/,
					/usr/local/include/SDL2/,
					/Users/thomasliang/Documents/frameworks/nativefiledialog/src,
					/Users/thomasliang/Documents/frameworks/nativefiledialog/src/include,
				);
				INFOPLIST_FILE = dragonfly/Info.plist;
				INFOPLIST_KEY_NSHumanReadableCopyright = "";
				INFOPLIST_KEY_NSMainStoryboardFile = Main;
				INFOPLIST_KEY_NSPrincipalClass = NSApplication;
				LD_RUNPATH_SEARCH_PATHS = (
					"$(inherited)",
					"@executable_path/../Frameworks",
				);
				LIBRARY_SEARCH_PATHS = /usr/local/include/SDL2;
				MARKETING_VERSION = 0.2;
				PRODUCT_BUNDLE_IDENTIFIER = com.thomasliang.dragonfly;
				PRODUCT_NAME = "$(TARGET_NAME)";
				SWIFT_EMIT_LOC_STRINGS = YES;
			};
			name = Debug;
		};
		D2EAF77927914119002DE553 /* Release */ = {
			isa = XCBuildConfiguration;
			buildSettings = {
				ASSETCATALOG_COMPILER_APPICON_NAME = AppIcon;
				ASSETCATALOG_COMPILER_GLOBAL_ACCENT_COLOR_NAME = AccentColor;
				CODE_SIGN_ENTITLEMENTS = dragonfly/dragonfly.entitlements;
				CODE_SIGN_STYLE = Automatic;
				COMBINE_HIDPI_IMAGES = YES;
				CURRENT_PROJECT_VERSION = 1;
				DEVELOPMENT_TEAM = PQU428V4N5;
				ENABLE_HARDENED_RUNTIME = YES;
				FRAMEWORK_SEARCH_PATHS = (
					"$(inherited)",
					"$(LOCAL_LIBRARY_DIR)/Frameworks",
				);
				GENERATE_INFOPLIST_FILE = YES;
				HEADER_SEARCH_PATHS = (
					/Users/thomasliang/Documents/frameworks/imgui,
					/Users/thomasliang/Documents/frameworks/imgui/backends/,
					/usr/local/include/SDL2/,
					/Users/thomasliang/Documents/frameworks/nativefiledialog/src,
					/Users/thomasliang/Documents/frameworks/nativefiledialog/src/include,
				);
				INFOPLIST_FILE = dragonfly/Info.plist;
				INFOPLIST_KEY_NSHumanReadableCopyright = "";
				INFOPLIST_KEY_NSMainStoryboardFile = Main;
				INFOPLIST_KEY_NSPrincipalClass = NSApplication;
				LD_RUNPATH_SEARCH_PATHS = (
					"$(inherited)",
					"@executable_path/../Frameworks",
				);
				LIBRARY_SEARCH_PATHS = /usr/local/include/SDL2;
				MARKETING_VERSION = 0.2;
				ONLY_ACTIVE_ARCH = YES;
				PRODUCT_BUNDLE_IDENTIFIER = com.thomasliang.dragonfly;
				PRODUCT_NAME = "$(TARGET_NAME)";
				SWIFT_EMIT_LOC_STRINGS = YES;
			};
			name = Release;
		};
		D2EAF77B27914119002DE553 /* Debug */ = {
			isa = XCBuildConfiguration;
			buildSettings = {
				BUNDLE_LOADER = "$(TEST_HOST)";
				CODE_SIGN_STYLE = Automatic;
				COMBINE_HIDPI_IMAGES = YES;
				CURRENT_PROJECT_VERSION = 1;
				DEVELOPMENT_TEAM = PQU428V4N5;
				GENERATE_INFOPLIST_FILE = YES;
				LD_RUNPATH_SEARCH_PATHS = (
					"$(inherited)",
					"@executable_path/../Frameworks",
					"@loader_path/../Frameworks",
				);
				MACOSX_DEPLOYMENT_TARGET = 12.0;
				MARKETING_VERSION = 1.0;
				PRODUCT_BUNDLE_IDENTIFIER = com.thomasliang.dragonflyTests;
				PRODUCT_NAME = "$(TARGET_NAME)";
				SWIFT_EMIT_LOC_STRINGS = NO;
				TEST_HOST = "$(BUILT_PRODUCTS_DIR)/dragonfly.app/Contents/MacOS/dragonfly";
			};
			name = Debug;
		};
		D2EAF77C27914119002DE553 /* Release */ = {
			isa = XCBuildConfiguration;
			buildSettings = {
				BUNDLE_LOADER = "$(TEST_HOST)";
				CODE_SIGN_STYLE = Automatic;
				COMBINE_HIDPI_IMAGES = YES;
				CURRENT_PROJECT_VERSION = 1;
				DEVELOPMENT_TEAM = PQU428V4N5;
				GENERATE_INFOPLIST_FILE = YES;
				LD_RUNPATH_SEARCH_PATHS = (
					"$(inherited)",
					"@executable_path/../Frameworks",
					"@loader_path/../Frameworks",
				);
				MACOSX_DEPLOYMENT_TARGET = 12.0;
				MARKETING_VERSION = 1.0;
				PRODUCT_BUNDLE_IDENTIFIER = com.thomasliang.dragonflyTests;
				PRODUCT_NAME = "$(TARGET_NAME)";
				SWIFT_EMIT_LOC_STRINGS = NO;
				TEST_HOST = "$(BUILT_PRODUCTS_DIR)/dragonfly.app/Contents/MacOS/dragonfly";
			};
			name = Release;
		};
		D2EAF77E27914119002DE553 /* Debug */ = {
			isa = XCBuildConfiguration;
			buildSettings = {
				CODE_SIGN_STYLE = Automatic;
				COMBINE_HIDPI_IMAGES = YES;
				CURRENT_PROJECT_VERSION = 1;
				DEVELOPMENT_TEAM = PQU428V4N5;
				GENERATE_INFOPLIST_FILE = YES;
				LD_RUNPATH_SEARCH_PATHS = (
					"$(inherited)",
					"@executable_path/../Frameworks",
					"@loader_path/../Frameworks",
				);
				MARKETING_VERSION = 1.0;
				PRODUCT_BUNDLE_IDENTIFIER = com.thomasliang.dragonflyUITests;
				PRODUCT_NAME = "$(TARGET_NAME)";
				SWIFT_EMIT_LOC_STRINGS = NO;
				TEST_TARGET_NAME = dragonfly;
			};
			name = Debug;
		};
		D2EAF77F27914119002DE553 /* Release */ = {
			isa = XCBuildConfiguration;
			buildSettings = {
				CODE_SIGN_STYLE = Automatic;
				COMBINE_HIDPI_IMAGES = YES;
				CURRENT_PROJECT_VERSION = 1;
				DEVELOPMENT_TEAM = PQU428V4N5;
				GENERATE_INFOPLIST_FILE = YES;
				LD_RUNPATH_SEARCH_PATHS = (
					"$(inherited)",
					"@executable_path/../Frameworks",
					"@loader_path/../Frameworks",
				);
				MARKETING_VERSION = 1.0;
				PRODUCT_BUNDLE_IDENTIFIER = com.thomasliang.dragonflyUITests;
				PRODUCT_NAME = "$(TARGET_NAME)";
				SWIFT_EMIT_LOC_STRINGS = NO;
				TEST_TARGET_NAME = dragonfly;
			};
			name = Release;
		};
/* End XCBuildConfiguration section */

/* Begin XCConfigurationList section */
		D2EAF74927914118002DE553 /* Build configuration list for PBXProject "dragonfly" */ = {
			isa = XCConfigurationList;
			buildConfigurations = (
				D2EAF77527914119002DE553 /* Debug */,
				D2EAF77627914119002DE553 /* Release */,
			);
			defaultConfigurationIsVisible = 0;
			defaultConfigurationName = Release;
		};
		D2EAF77727914119002DE553 /* Build configuration list for PBXNativeTarget "dragonfly" */ = {
			isa = XCConfigurationList;
			buildConfigurations = (
				D2EAF77827914119002DE553 /* Debug */,
				D2EAF77927914119002DE553 /* Release */,
			);
			defaultConfigurationIsVisible = 0;
			defaultConfigurationName = Release;
		};
		D2EAF77A27914119002DE553 /* Build configuration list for PBXNativeTarget "dragonflyTests" */ = {
			isa = XCConfigurationList;
			buildConfigurations = (
				D2EAF77B27914119002DE553 /* Debug */,
				D2EAF77C27914119002DE553 /* Release */,
			);
			defaultConfigurationIsVisible = 0;
			defaultConfigurationName = Release;
		};
		D2EAF77D27914119002DE553 /* Build configuration list for PBXNativeTarget "dragonflyUITests" */ = {
			isa = XCConfigurationList;
			buildConfigurations = (
				D2EAF77E27914119002DE553 /* Debug */,
				D2EAF77F27914119002DE553 /* Release */,
			);
			defaultConfigurationIsVisible = 0;
			defaultConfigurationName = Release;
		};
/* End XCConfigurationList section */
	};
	rootObject = D2EAF74627914118002DE553 /* Project object */;
}
