// !$*UTF8*$!
{
	archiveVersion = 1;
	classes = {
	};
	objectVersion = 55;
	objects = {

/* Begin PBXBuildFile section */
		D2092AD32BF6D8C4006F6DCC /* ForceField.cpp in Sources */ = {isa = PBXBuildFile; fileRef = D2092AD12BF6D8C4006F6DCC /* ForceField.cpp */; };
		D2092AD62BF70D0F006F6DCC /* Wrap.cpp in Sources */ = {isa = PBXBuildFile; fileRef = D2092AD42BF70D0F006F6DCC /* Wrap.cpp */; };
		D24904B92CA7500F00DEA0F6 /* PointLight.cpp in Sources */ = {isa = PBXBuildFile; fileRef = D24904B62CA7500E00DEA0F6 /* PointLight.cpp */; };
		D24904BA2CA7500F00DEA0F6 /* Light.cpp in Sources */ = {isa = PBXBuildFile; fileRef = D24904B82CA7500E00DEA0F6 /* Light.cpp */; };
		D24904BE2CA7503700DEA0F6 /* BeanForce.cpp in Sources */ = {isa = PBXBuildFile; fileRef = D24904BD2CA7503700DEA0F6 /* BeanForce.cpp */; };
		D28B7D852793B4AC00C0E47F /* SDL2.framework in Frameworks */ = {isa = PBXBuildFile; fileRef = D28B7D842793B4AC00C0E47F /* SDL2.framework */; };
		D28B7D862793B4AC00C0E47F /* SDL2.framework in Embed Frameworks */ = {isa = PBXBuildFile; fileRef = D28B7D842793B4AC00C0E47F /* SDL2.framework */; settings = {ATTRIBUTES = (CodeSignOnCopy, RemoveHeadersOnCopy, ); }; };
		D29549682BF5779900FE1130 /* Vec.cpp in Sources */ = {isa = PBXBuildFile; fileRef = D29549662BF5779900FE1130 /* Vec.cpp */; };
		D2A0D42E2D065FBD00FEE0D9 /* todo.md in Resources */ = {isa = PBXBuildFile; fileRef = D2A0D42D2D065FBD00FEE0D9 /* todo.md */; };
		D2A0D4302D065FE000FEE0D9 /* README.md in Resources */ = {isa = PBXBuildFile; fileRef = D2A0D42F2D065FE000FEE0D9 /* README.md */; };
		D2A0D4372D06604D00FEE0D9 /* Window.cpp in Sources */ = {isa = PBXBuildFile; fileRef = D2A0D4322D06604D00FEE0D9 /* Window.cpp */; };
		D2A0D4382D06604D00FEE0D9 /* ViewPanel.cpp in Sources */ = {isa = PBXBuildFile; fileRef = D2A0D4332D06604D00FEE0D9 /* ViewPanel.cpp */; };
		D2C6865C2CF3CE750056A760 /* Panel.cpp in Sources */ = {isa = PBXBuildFile; fileRef = D2C6865A2CF3CE750056A760 /* Panel.cpp */; };
		D2D841202B9D0F44007224D3 /* imgui_widgets.cpp in Sources */ = {isa = PBXBuildFile; fileRef = D2D840FD2B9D0F43007224D3 /* imgui_widgets.cpp */; };
		D2D841212B9D0F44007224D3 /* imgui_impl_metal.mm in Sources */ = {isa = PBXBuildFile; fileRef = D2D841052B9D0F43007224D3 /* imgui_impl_metal.mm */; };
		D2D841262B9D0F44007224D3 /* imgui_impl_sdl.cpp in Sources */ = {isa = PBXBuildFile; fileRef = D2D8410C2B9D0F43007224D3 /* imgui_impl_sdl.cpp */; };
		D2D841272B9D0F44007224D3 /* .editorconfig in Resources */ = {isa = PBXBuildFile; fileRef = D2D8410D2B9D0F43007224D3 /* .editorconfig */; };
		D2D841292B9D0F44007224D3 /* imgui.cpp in Sources */ = {isa = PBXBuildFile; fileRef = D2D8410F2B9D0F43007224D3 /* imgui.cpp */; };
		D2D841312B9D0F44007224D3 /* LICENSE.txt in Resources */ = {isa = PBXBuildFile; fileRef = D2D8411C2B9D0F43007224D3 /* LICENSE.txt */; };
		D2D841322B9D0F44007224D3 /* imgui_tables.cpp in Sources */ = {isa = PBXBuildFile; fileRef = D2D8411D2B9D0F43007224D3 /* imgui_tables.cpp */; };
		D2D841342B9D0F44007224D3 /* imgui_draw.cpp in Sources */ = {isa = PBXBuildFile; fileRef = D2D8411F2B9D0F43007224D3 /* imgui_draw.cpp */; };
		D2D841752B9D0F4F007224D3 /* UIElement.cpp in Sources */ = {isa = PBXBuildFile; fileRef = D2D841382B9D0F4F007224D3 /* UIElement.cpp */; };
		D2D841762B9D0F4F007224D3 /* EditSliceScheme.cpp in Sources */ = {isa = PBXBuildFile; fileRef = D2D8413C2B9D0F4F007224D3 /* EditSliceScheme.cpp */; };
		D2D841772B9D0F4F007224D3 /* SchemeController.cpp in Sources */ = {isa = PBXBuildFile; fileRef = D2D8413E2B9D0F4F007224D3 /* SchemeController.cpp */; };
		D2D841782B9D0F4F007224D3 /* Scheme.cpp in Sources */ = {isa = PBXBuildFile; fileRef = D2D841402B9D0F4F007224D3 /* Scheme.cpp */; };
		D2D841792B9D0F4F007224D3 /* EditNodeScheme.cpp in Sources */ = {isa = PBXBuildFile; fileRef = D2D841412B9D0F4F007224D3 /* EditNodeScheme.cpp */; };
		D2D8417A2B9D0F4F007224D3 /* EditScheme.cpp in Sources */ = {isa = PBXBuildFile; fileRef = D2D841442B9D0F4F007224D3 /* EditScheme.cpp */; };
		D2D8417B2B9D0F4F007224D3 /* EditModelScheme.cpp in Sources */ = {isa = PBXBuildFile; fileRef = D2D841452B9D0F4F007224D3 /* EditModelScheme.cpp */; };
		D2D8417C2B9D0F4F007224D3 /* EditFEVScheme.cpp in Sources */ = {isa = PBXBuildFile; fileRef = D2D841462B9D0F4F007224D3 /* EditFEVScheme.cpp */; };
		D2D8417D2B9D0F4F007224D3 /* EngineMetalSDL.mm in Sources */ = {isa = PBXBuildFile; fileRef = D2D841492B9D0F4F007224D3 /* EngineMetalSDL.mm */; };
		D2D8417E2B9D0F4F007224D3 /* RenderPipelineMetalSDL.mm in Sources */ = {isa = PBXBuildFile; fileRef = D2D8414C2B9D0F4F007224D3 /* RenderPipelineMetalSDL.mm */; };
		D2D8417F2B9D0F4F007224D3 /* ComputePipelineMetalSDL.mm in Sources */ = {isa = PBXBuildFile; fileRef = D2D8414D2B9D0F4F007224D3 /* ComputePipelineMetalSDL.mm */; };
		D2D841802B9D0F4F007224D3 /* Utils.cpp in Sources */ = {isa = PBXBuildFile; fileRef = D2D841532B9D0F4F007224D3 /* Utils.cpp */; };
		D2D841812B9D0F4F007224D3 /* JoinSlices.cpp in Sources */ = {isa = PBXBuildFile; fileRef = D2D841552B9D0F4F007224D3 /* JoinSlices.cpp */; };
		D2D841822B9D0F4F007224D3 /* Normals.cpp in Sources */ = {isa = PBXBuildFile; fileRef = D2D841572B9D0F4F007224D3 /* Normals.cpp */; };
		D2D841832B9D0F4F007224D3 /* Basis.cpp in Sources */ = {isa = PBXBuildFile; fileRef = D2D841592B9D0F4F007224D3 /* Basis.cpp */; };
		D2D841842B9D0F4F007224D3 /* Project2D.cpp in Sources */ = {isa = PBXBuildFile; fileRef = D2D8415A2B9D0F4F007224D3 /* Project2D.cpp */; };
		D2D841852B9D0F4F007224D3 /* JoinModels.cpp in Sources */ = {isa = PBXBuildFile; fileRef = D2D8415B2B9D0F4F007224D3 /* JoinModels.cpp */; };
		D2D841862B9D0F4F007224D3 /* Model.cpp in Sources */ = {isa = PBXBuildFile; fileRef = D2D8415E2B9D0F4F007224D3 /* Model.cpp */; };
		D2D841872B9D0F4F007224D3 /* Rotator.cpp in Sources */ = {isa = PBXBuildFile; fileRef = D2D8415F2B9D0F4F007224D3 /* Rotator.cpp */; };
		D2D841882B9D0F4F007224D3 /* Slice.cpp in Sources */ = {isa = PBXBuildFile; fileRef = D2D841612B9D0F4F007224D3 /* Slice.cpp */; };
		D2D841892B9D0F4F007224D3 /* Scene.cpp in Sources */ = {isa = PBXBuildFile; fileRef = D2D841632B9D0F4F007224D3 /* Scene.cpp */; };
		D2D8418A2B9D0F4F007224D3 /* Arrow.cpp in Sources */ = {isa = PBXBuildFile; fileRef = D2D841642B9D0F4F007224D3 /* Arrow.cpp */; };
		D2D8418B2B9D0F4F007224D3 /* main.mm in Sources */ = {isa = PBXBuildFile; fileRef = D2D841672B9D0F4F007224D3 /* main.mm */; };
		D2D8418C2B9D0F4F007224D3 /* UserAction.cpp in Sources */ = {isa = PBXBuildFile; fileRef = D2D841692B9D0F4F007224D3 /* UserAction.cpp */; };
		D2D8418D2B9D0F4F007224D3 /* EdgeAddVertexAction.cpp in Sources */ = {isa = PBXBuildFile; fileRef = D2D8416B2B9D0F4F007224D3 /* EdgeAddVertexAction.cpp */; };
		D2D8418E2B9D0F4F007224D3 /* FaceAddVertexAction.cpp in Sources */ = {isa = PBXBuildFile; fileRef = D2D8416D2B9D0F4F007224D3 /* FaceAddVertexAction.cpp */; };
		D2D8418F2B9D0F4F007224D3 /* ModelMoveAction.cpp in Sources */ = {isa = PBXBuildFile; fileRef = D2D841702B9D0F4F007224D3 /* ModelMoveAction.cpp */; };
		D2D841902B9D0F4F007224D3 /* VertexMoveAction.cpp in Sources */ = {isa = PBXBuildFile; fileRef = D2D841712B9D0F4F007224D3 /* VertexMoveAction.cpp */; };
		D2D841912B9D0F4F007224D3 /* Info.plist in Resources */ = {isa = PBXBuildFile; fileRef = D2D841732B9D0F4F007224D3 /* Info.plist */; };
		D2D841922B9D0F4F007224D3 /* Processing.metal in Sources */ = {isa = PBXBuildFile; fileRef = D2D841742B9D0F4F007224D3 /* Processing.metal */; };
		D2D8419E2B9D0F61007224D3 /* Assets.xcassets in Resources */ = {isa = PBXBuildFile; fileRef = D2D841982B9D0F61007224D3 /* Assets.xcassets */; };
		D2D841A12B9D0F61007224D3 /* AppDelegate.m in Sources */ = {isa = PBXBuildFile; fileRef = D2D8419C2B9D0F61007224D3 /* AppDelegate.m */; };
		D2D841AD2B9D1B8E007224D3 /* Engine.cpp in Sources */ = {isa = PBXBuildFile; fileRef = D2D841AB2B9D1B8E007224D3 /* Engine.cpp */; };
		D2D841AF2B9D1F2B007224D3 /* ComputePipeline.cpp in Sources */ = {isa = PBXBuildFile; fileRef = D2D841AE2B9D1F2B007224D3 /* ComputePipeline.cpp */; };
		D2D841B12B9D2108007224D3 /* RenderPipeline.cpp in Sources */ = {isa = PBXBuildFile; fileRef = D2D841B02B9D2108007224D3 /* RenderPipeline.cpp */; };
		D2EAF92427914191002DE553 /* Metal.framework in Frameworks */ = {isa = PBXBuildFile; fileRef = D2EAF92327914191002DE553 /* Metal.framework */; platformFilter = maccatalyst; };
		D2EAF92627914197002DE553 /* QuartzCore.framework in Frameworks */ = {isa = PBXBuildFile; fileRef = D2EAF92527914197002DE553 /* QuartzCore.framework */; platformFilter = maccatalyst; };
/* End PBXBuildFile section */

/* Begin PBXCopyFilesBuildPhase section */
		D28B7D872793B4AD00C0E47F /* Embed Frameworks */ = {
			isa = PBXCopyFilesBuildPhase;
			buildActionMask = 2147483647;
			dstPath = "";
			dstSubfolderSpec = 10;
			files = (
				D28B7D862793B4AC00C0E47F /* SDL2.framework in Embed Frameworks */,
			);
			name = "Embed Frameworks";
			runOnlyForDeploymentPostprocessing = 0;
		};
/* End PBXCopyFilesBuildPhase section */

/* Begin PBXFileReference section */
		D2092AD12BF6D8C4006F6DCC /* ForceField.cpp */ = {isa = PBXFileReference; lastKnownFileType = sourcecode.cpp.cpp; path = ForceField.cpp; sourceTree = "<group>"; };
		D2092AD22BF6D8C4006F6DCC /* ForceField.h */ = {isa = PBXFileReference; lastKnownFileType = sourcecode.c.h; path = ForceField.h; sourceTree = "<group>"; };
		D2092AD42BF70D0F006F6DCC /* Wrap.cpp */ = {isa = PBXFileReference; lastKnownFileType = sourcecode.cpp.cpp; path = Wrap.cpp; sourceTree = "<group>"; };
		D2092AD52BF70D0F006F6DCC /* Wrap.h */ = {isa = PBXFileReference; lastKnownFileType = sourcecode.c.h; path = Wrap.h; sourceTree = "<group>"; };
		D24904902CA74B1500DEA0F6 /* SuperDefaultVertexShader.vert */ = {isa = PBXFileReference; lastKnownFileType = sourcecode.glsl; path = SuperDefaultVertexShader.vert; sourceTree = "<group>"; };
		D24904912CA74B1500DEA0F6 /* FragmentShader.frag */ = {isa = PBXFileReference; lastKnownFileType = sourcecode.glsl; path = FragmentShader.frag; sourceTree = "<group>"; };
		D24904922CA74B1500DEA0F6 /* SuperDefaultEdgeShader.vert */ = {isa = PBXFileReference; lastKnownFileType = sourcecode.glsl; path = SuperDefaultEdgeShader.vert; sourceTree = "<group>"; };
		D24904932CA74B1500DEA0F6 /* DefaultFaceShader.vert */ = {isa = PBXFileReference; lastKnownFileType = sourcecode.glsl; path = DefaultFaceShader.vert; sourceTree = "<group>"; };
		D24904952CA74B1500DEA0F6 /* CalculateUIVertices.comp */ = {isa = PBXFileReference; lastKnownFileType = text; path = CalculateUIVertices.comp; sourceTree = "<group>"; };
		D24904962CA74B1500DEA0F6 /* CalculateFaceLighting.comp */ = {isa = PBXFileReference; lastKnownFileType = text; path = CalculateFaceLighting.comp; sourceTree = "<group>"; };
		D24904972CA74B1500DEA0F6 /* CalculateVertexSquares.comp */ = {isa = PBXFileReference; lastKnownFileType = text; path = CalculateVertexSquares.comp; sourceTree = "<group>"; };
		D24904982CA74B1500DEA0F6 /* CalculateSlicePlates.comp */ = {isa = PBXFileReference; lastKnownFileType = text; path = CalculateSlicePlates.comp; sourceTree = "<group>"; };
		D24904992CA74B1500DEA0F6 /* CalculateProjectedNodes.comp */ = {isa = PBXFileReference; lastKnownFileType = text; path = CalculateProjectedNodes.comp; sourceTree = "<group>"; };
		D249049A2CA74B1500DEA0F6 /* CalculateProjectedVertices.comp */ = {isa = PBXFileReference; lastKnownFileType = text; path = CalculateProjectedVertices.comp; sourceTree = "<group>"; };
		D249049B2CA74B1500DEA0F6 /* CalculateVertices.comp */ = {isa = PBXFileReference; lastKnownFileType = text; path = CalculateVertices.comp; sourceTree = "<group>"; };
		D249049C2CA74B1500DEA0F6 /* CalculateScaledDots.comp */ = {isa = PBXFileReference; lastKnownFileType = text; path = CalculateScaledDots.comp; sourceTree = "<group>"; };
		D249049D2CA74B1500DEA0F6 /* CalculateModelNodeTransforms.comp */ = {isa = PBXFileReference; lastKnownFileType = text; path = CalculateModelNodeTransforms.comp; sourceTree = "<group>"; };
		D249049E2CA74B1500DEA0F6 /* CalculateProjectedDots.comp */ = {isa = PBXFileReference; lastKnownFileType = text; path = CalculateProjectedDots.comp; sourceTree = "<group>"; };
		D249049F2CA74B1500DEA0F6 /* util.glsl */ = {isa = PBXFileReference; lastKnownFileType = text; path = util.glsl; sourceTree = "<group>"; };
		D24904A02CA74B1500DEA0F6 /* Makefile */ = {isa = PBXFileReference; lastKnownFileType = sourcecode.make; path = Makefile; sourceTree = "<group>"; };
		D24904A12CA74B1500DEA0F6 /* EngineGLFW.h */ = {isa = PBXFileReference; lastKnownFileType = sourcecode.c.h; path = EngineGLFW.h; sourceTree = "<group>"; };
		D24904A32CA74B1500DEA0F6 /* RenderPipelineGLFW.cpp */ = {isa = PBXFileReference; lastKnownFileType = sourcecode.cpp.cpp; path = RenderPipelineGLFW.cpp; sourceTree = "<group>"; };
		D24904A42CA74B1500DEA0F6 /* ComputePipelineGLFW.cpp */ = {isa = PBXFileReference; lastKnownFileType = sourcecode.cpp.cpp; path = ComputePipelineGLFW.cpp; sourceTree = "<group>"; };
		D24904A52CA74B1500DEA0F6 /* RenderPipelineGLFW.h */ = {isa = PBXFileReference; lastKnownFileType = sourcecode.c.h; path = RenderPipelineGLFW.h; sourceTree = "<group>"; };
		D24904A62CA74B1500DEA0F6 /* ComputePipelineGLFW.h */ = {isa = PBXFileReference; lastKnownFileType = sourcecode.c.h; path = ComputePipelineGLFW.h; sourceTree = "<group>"; };
		D24904A72CA74B1500DEA0F6 /* ShaderProcessor.h */ = {isa = PBXFileReference; lastKnownFileType = sourcecode.c.h; path = ShaderProcessor.h; sourceTree = "<group>"; };
		D24904A82CA74B1500DEA0F6 /* imgui.ini */ = {isa = PBXFileReference; lastKnownFileType = text; path = imgui.ini; sourceTree = "<group>"; };
		D24904AC2CA74B1500DEA0F6 /* khrplatform.h */ = {isa = PBXFileReference; lastKnownFileType = sourcecode.c.h; path = khrplatform.h; sourceTree = "<group>"; };
		D24904AE2CA74B1500DEA0F6 /* glad.h */ = {isa = PBXFileReference; lastKnownFileType = sourcecode.c.h; path = glad.h; sourceTree = "<group>"; };
		D24904B02CA74B1500DEA0F6 /* glad.c */ = {isa = PBXFileReference; lastKnownFileType = sourcecode.c.c; path = glad.c; sourceTree = "<group>"; };
		D24904B12CA74B1500DEA0F6 /* ShaderProcessor.cpp */ = {isa = PBXFileReference; lastKnownFileType = sourcecode.cpp.cpp; path = ShaderProcessor.cpp; sourceTree = "<group>"; };
		D24904B22CA74B1500DEA0F6 /* EngineGLFW.cpp */ = {isa = PBXFileReference; lastKnownFileType = sourcecode.cpp.cpp; path = EngineGLFW.cpp; sourceTree = "<group>"; };
		D24904B32CA74B1500DEA0F6 /* main.cpp */ = {isa = PBXFileReference; lastKnownFileType = sourcecode.cpp.cpp; path = main.cpp; sourceTree = "<group>"; };
		D24904B52CA7500E00DEA0F6 /* PointLight.h */ = {isa = PBXFileReference; fileEncoding = 4; lastKnownFileType = sourcecode.c.h; path = PointLight.h; sourceTree = "<group>"; };
		D24904B62CA7500E00DEA0F6 /* PointLight.cpp */ = {isa = PBXFileReference; fileEncoding = 4; lastKnownFileType = sourcecode.cpp.cpp; path = PointLight.cpp; sourceTree = "<group>"; };
		D24904B72CA7500E00DEA0F6 /* Light.h */ = {isa = PBXFileReference; fileEncoding = 4; lastKnownFileType = sourcecode.c.h; path = Light.h; sourceTree = "<group>"; };
		D24904B82CA7500E00DEA0F6 /* Light.cpp */ = {isa = PBXFileReference; fileEncoding = 4; lastKnownFileType = sourcecode.cpp.cpp; path = Light.cpp; sourceTree = "<group>"; };
		D24904BB2CA7503700DEA0F6 /* Force.h */ = {isa = PBXFileReference; fileEncoding = 4; lastKnownFileType = sourcecode.c.h; path = Force.h; sourceTree = "<group>"; };
		D24904BC2CA7503700DEA0F6 /* BeanForce.h */ = {isa = PBXFileReference; fileEncoding = 4; lastKnownFileType = sourcecode.c.h; path = BeanForce.h; sourceTree = "<group>"; };
		D24904BD2CA7503700DEA0F6 /* BeanForce.cpp */ = {isa = PBXFileReference; fileEncoding = 4; lastKnownFileType = sourcecode.cpp.cpp; path = BeanForce.cpp; sourceTree = "<group>"; };
		D28B7D842793B4AC00C0E47F /* SDL2.framework */ = {isa = PBXFileReference; lastKnownFileType = wrapper.framework; name = SDL2.framework; path = ../../../../../../Library/Frameworks/SDL2.framework; sourceTree = "<group>"; };
		D29549662BF5779900FE1130 /* Vec.cpp */ = {isa = PBXFileReference; fileEncoding = 4; lastKnownFileType = sourcecode.cpp.cpp; path = Vec.cpp; sourceTree = "<group>"; };
		D29549672BF5779900FE1130 /* Vec.h */ = {isa = PBXFileReference; fileEncoding = 4; lastKnownFileType = sourcecode.c.h; path = Vec.h; sourceTree = "<group>"; };
		D2A0D42D2D065FBD00FEE0D9 /* todo.md */ = {isa = PBXFileReference; fileEncoding = 4; lastKnownFileType = net.daringfireball.markdown; path = todo.md; sourceTree = "<group>"; };
		D2A0D42F2D065FE000FEE0D9 /* README.md */ = {isa = PBXFileReference; fileEncoding = 4; lastKnownFileType = net.daringfireball.markdown; path = README.md; sourceTree = "<group>"; };
		D2A0D4312D06604D00FEE0D9 /* ControlsPanel.h */ = {isa = PBXFileReference; fileEncoding = 4; lastKnownFileType = sourcecode.c.h; path = ControlsPanel.h; sourceTree = "<group>"; };
		D2A0D4322D06604D00FEE0D9 /* Window.cpp */ = {isa = PBXFileReference; fileEncoding = 4; lastKnownFileType = sourcecode.cpp.cpp; path = Window.cpp; sourceTree = "<group>"; };
		D2A0D4332D06604D00FEE0D9 /* ViewPanel.cpp */ = {isa = PBXFileReference; fileEncoding = 4; lastKnownFileType = sourcecode.cpp.cpp; path = ViewPanel.cpp; sourceTree = "<group>"; };
		D2A0D4342D06604D00FEE0D9 /* UIPanel.h */ = {isa = PBXFileReference; fileEncoding = 4; lastKnownFileType = sourcecode.c.h; path = UIPanel.h; sourceTree = "<group>"; };
		D2A0D4352D06604D00FEE0D9 /* Window.h */ = {isa = PBXFileReference; fileEncoding = 4; lastKnownFileType = sourcecode.c.h; path = Window.h; sourceTree = "<group>"; };
		D2A0D4362D06604D00FEE0D9 /* ViewPanel.h */ = {isa = PBXFileReference; fileEncoding = 4; lastKnownFileType = sourcecode.c.h; path = ViewPanel.h; sourceTree = "<group>"; };
		D2A0D4392D0660DF00FEE0D9 /* Misc.h */ = {isa = PBXFileReference; fileEncoding = 4; lastKnownFileType = sourcecode.c.h; path = Misc.h; sourceTree = "<group>"; };
		D2A0D43A2D0660DF00FEE0D9 /* Buffers.h */ = {isa = PBXFileReference; fileEncoding = 4; lastKnownFileType = sourcecode.c.h; path = Buffers.h; sourceTree = "<group>"; };
		D2A0D43B2D0663E000FEE0D9 /* Constants.h */ = {isa = PBXFileReference; lastKnownFileType = sourcecode.c.h; path = Constants.h; sourceTree = "<group>"; };
		D2C6865A2CF3CE750056A760 /* Panel.cpp */ = {isa = PBXFileReference; fileEncoding = 4; lastKnownFileType = sourcecode.cpp.cpp; path = Panel.cpp; sourceTree = "<group>"; };
		D2C6865B2CF3CE750056A760 /* Panel.h */ = {isa = PBXFileReference; fileEncoding = 4; lastKnownFileType = sourcecode.c.h; path = Panel.h; sourceTree = "<group>"; };
		D2D840FA2B9D0F43007224D3 /* imgui.h */ = {isa = PBXFileReference; fileEncoding = 4; lastKnownFileType = sourcecode.c.h; path = imgui.h; sourceTree = "<group>"; };
		D2D840FB2B9D0F43007224D3 /* imstb_textedit.h */ = {isa = PBXFileReference; fileEncoding = 4; lastKnownFileType = sourcecode.c.h; path = imstb_textedit.h; sourceTree = "<group>"; };
		D2D840FC2B9D0F43007224D3 /* imconfig.h */ = {isa = PBXFileReference; fileEncoding = 4; lastKnownFileType = sourcecode.c.h; path = imconfig.h; sourceTree = "<group>"; };
		D2D840FD2B9D0F43007224D3 /* imgui_widgets.cpp */ = {isa = PBXFileReference; fileEncoding = 4; lastKnownFileType = sourcecode.cpp.cpp; path = imgui_widgets.cpp; sourceTree = "<group>"; };
		D2D840FE2B9D0F43007224D3 /* imstb_truetype.h */ = {isa = PBXFileReference; fileEncoding = 4; lastKnownFileType = sourcecode.c.h; path = imstb_truetype.h; sourceTree = "<group>"; };
		D2D841002B9D0F43007224D3 /* imgui_impl_sdl.h */ = {isa = PBXFileReference; fileEncoding = 4; lastKnownFileType = sourcecode.c.h; path = imgui_impl_sdl.h; sourceTree = "<group>"; };
		D2D841012B9D0F43007224D3 /* imgui_impl_opengl3.h */ = {isa = PBXFileReference; fileEncoding = 4; lastKnownFileType = sourcecode.c.h; path = imgui_impl_opengl3.h; sourceTree = "<group>"; };
		D2D841022B9D0F43007224D3 /* imgui_impl_glut.h */ = {isa = PBXFileReference; fileEncoding = 4; lastKnownFileType = sourcecode.c.h; path = imgui_impl_glut.h; sourceTree = "<group>"; };
		D2D841042B9D0F43007224D3 /* imgui_impl_opengl3_loader.h */ = {isa = PBXFileReference; fileEncoding = 4; lastKnownFileType = sourcecode.c.h; path = imgui_impl_opengl3_loader.h; sourceTree = "<group>"; };
		D2D841052B9D0F43007224D3 /* imgui_impl_metal.mm */ = {isa = PBXFileReference; fileEncoding = 4; lastKnownFileType = sourcecode.cpp.objcpp; path = imgui_impl_metal.mm; sourceTree = "<group>"; };
		D2D841062B9D0F43007224D3 /* imgui_impl_glut.cpp */ = {isa = PBXFileReference; fileEncoding = 4; lastKnownFileType = sourcecode.cpp.cpp; path = imgui_impl_glut.cpp; sourceTree = "<group>"; };
		D2D841082B9D0F43007224D3 /* imgui_impl_glfw.h */ = {isa = PBXFileReference; fileEncoding = 4; lastKnownFileType = sourcecode.c.h; path = imgui_impl_glfw.h; sourceTree = "<group>"; };
		D2D841092B9D0F43007224D3 /* imgui_impl_metal.h */ = {isa = PBXFileReference; fileEncoding = 4; lastKnownFileType = sourcecode.c.h; path = imgui_impl_metal.h; sourceTree = "<group>"; };
		D2D8410A2B9D0F43007224D3 /* imgui_impl_opengl3.cpp */ = {isa = PBXFileReference; fileEncoding = 4; lastKnownFileType = sourcecode.cpp.cpp; path = imgui_impl_opengl3.cpp; sourceTree = "<group>"; };
		D2D8410B2B9D0F43007224D3 /* imgui_impl_glfw.cpp */ = {isa = PBXFileReference; fileEncoding = 4; lastKnownFileType = sourcecode.cpp.cpp; path = imgui_impl_glfw.cpp; sourceTree = "<group>"; };
		D2D8410C2B9D0F43007224D3 /* imgui_impl_sdl.cpp */ = {isa = PBXFileReference; fileEncoding = 4; lastKnownFileType = sourcecode.cpp.cpp; path = imgui_impl_sdl.cpp; sourceTree = "<group>"; };
		D2D8410D2B9D0F43007224D3 /* .editorconfig */ = {isa = PBXFileReference; fileEncoding = 4; lastKnownFileType = text; path = .editorconfig; sourceTree = "<group>"; };
		D2D8410F2B9D0F43007224D3 /* imgui.cpp */ = {isa = PBXFileReference; fileEncoding = 4; lastKnownFileType = sourcecode.cpp.cpp; path = imgui.cpp; sourceTree = "<group>"; };
		D2D841112B9D0F43007224D3 /* imgui_internal.h */ = {isa = PBXFileReference; fileEncoding = 4; lastKnownFileType = sourcecode.c.h; path = imgui_internal.h; sourceTree = "<group>"; };
		D2D8411B2B9D0F43007224D3 /* imstb_rectpack.h */ = {isa = PBXFileReference; fileEncoding = 4; lastKnownFileType = sourcecode.c.h; path = imstb_rectpack.h; sourceTree = "<group>"; };
		D2D8411C2B9D0F43007224D3 /* LICENSE.txt */ = {isa = PBXFileReference; fileEncoding = 4; lastKnownFileType = text; path = LICENSE.txt; sourceTree = "<group>"; };
		D2D8411D2B9D0F43007224D3 /* imgui_tables.cpp */ = {isa = PBXFileReference; fileEncoding = 4; lastKnownFileType = sourcecode.cpp.cpp; path = imgui_tables.cpp; sourceTree = "<group>"; };
		D2D8411F2B9D0F43007224D3 /* imgui_draw.cpp */ = {isa = PBXFileReference; fileEncoding = 4; lastKnownFileType = sourcecode.cpp.cpp; path = imgui_draw.cpp; sourceTree = "<group>"; };
		D2D841372B9D0F4F007224D3 /* UIElement.h */ = {isa = PBXFileReference; fileEncoding = 4; lastKnownFileType = sourcecode.c.h; path = UIElement.h; sourceTree = "<group>"; };
		D2D841382B9D0F4F007224D3 /* UIElement.cpp */ = {isa = PBXFileReference; fileEncoding = 4; lastKnownFileType = sourcecode.cpp.cpp; path = UIElement.cpp; sourceTree = "<group>"; };
		D2D8413A2B9D0F4F007224D3 /* EditSliceScheme.h */ = {isa = PBXFileReference; fileEncoding = 4; lastKnownFileType = sourcecode.c.h; path = EditSliceScheme.h; sourceTree = "<group>"; };
		D2D8413B2B9D0F4F007224D3 /* EditFEVScheme.h */ = {isa = PBXFileReference; fileEncoding = 4; lastKnownFileType = sourcecode.c.h; path = EditFEVScheme.h; sourceTree = "<group>"; };
		D2D8413C2B9D0F4F007224D3 /* EditSliceScheme.cpp */ = {isa = PBXFileReference; fileEncoding = 4; lastKnownFileType = sourcecode.cpp.cpp; path = EditSliceScheme.cpp; sourceTree = "<group>"; };
		D2D8413D2B9D0F4F007224D3 /* SchemeController.h */ = {isa = PBXFileReference; fileEncoding = 4; lastKnownFileType = sourcecode.c.h; path = SchemeController.h; sourceTree = "<group>"; };
		D2D8413E2B9D0F4F007224D3 /* SchemeController.cpp */ = {isa = PBXFileReference; fileEncoding = 4; lastKnownFileType = sourcecode.cpp.cpp; path = SchemeController.cpp; sourceTree = "<group>"; };
		D2D8413F2B9D0F4F007224D3 /* EditModelScheme.h */ = {isa = PBXFileReference; fileEncoding = 4; lastKnownFileType = sourcecode.c.h; path = EditModelScheme.h; sourceTree = "<group>"; };
		D2D841402B9D0F4F007224D3 /* Scheme.cpp */ = {isa = PBXFileReference; fileEncoding = 4; lastKnownFileType = sourcecode.cpp.cpp; path = Scheme.cpp; sourceTree = "<group>"; };
		D2D841412B9D0F4F007224D3 /* EditNodeScheme.cpp */ = {isa = PBXFileReference; fileEncoding = 4; lastKnownFileType = sourcecode.cpp.cpp; path = EditNodeScheme.cpp; sourceTree = "<group>"; };
		D2D841422B9D0F4F007224D3 /* EditScheme.h */ = {isa = PBXFileReference; fileEncoding = 4; lastKnownFileType = sourcecode.c.h; path = EditScheme.h; sourceTree = "<group>"; };
		D2D841432B9D0F4F007224D3 /* Scheme.h */ = {isa = PBXFileReference; fileEncoding = 4; lastKnownFileType = sourcecode.c.h; path = Scheme.h; sourceTree = "<group>"; };
		D2D841442B9D0F4F007224D3 /* EditScheme.cpp */ = {isa = PBXFileReference; fileEncoding = 4; lastKnownFileType = sourcecode.cpp.cpp; path = EditScheme.cpp; sourceTree = "<group>"; };
		D2D841452B9D0F4F007224D3 /* EditModelScheme.cpp */ = {isa = PBXFileReference; fileEncoding = 4; lastKnownFileType = sourcecode.cpp.cpp; path = EditModelScheme.cpp; sourceTree = "<group>"; };
		D2D841462B9D0F4F007224D3 /* EditFEVScheme.cpp */ = {isa = PBXFileReference; fileEncoding = 4; lastKnownFileType = sourcecode.cpp.cpp; path = EditFEVScheme.cpp; sourceTree = "<group>"; };
		D2D841472B9D0F4F007224D3 /* EditNodeScheme.h */ = {isa = PBXFileReference; fileEncoding = 4; lastKnownFileType = sourcecode.c.h; path = EditNodeScheme.h; sourceTree = "<group>"; };
		D2D841482B9D0F4F007224D3 /* EngineMetalSDL.h */ = {isa = PBXFileReference; fileEncoding = 4; lastKnownFileType = sourcecode.c.h; path = EngineMetalSDL.h; sourceTree = "<group>"; };
		D2D841492B9D0F4F007224D3 /* EngineMetalSDL.mm */ = {isa = PBXFileReference; fileEncoding = 4; lastKnownFileType = sourcecode.cpp.objcpp; path = EngineMetalSDL.mm; sourceTree = "<group>"; };
		D2D8414B2B9D0F4F007224D3 /* RenderPipelineMetalSDL.h */ = {isa = PBXFileReference; fileEncoding = 4; lastKnownFileType = sourcecode.c.h; path = RenderPipelineMetalSDL.h; sourceTree = "<group>"; };
		D2D8414C2B9D0F4F007224D3 /* RenderPipelineMetalSDL.mm */ = {isa = PBXFileReference; fileEncoding = 4; lastKnownFileType = sourcecode.cpp.objcpp; path = RenderPipelineMetalSDL.mm; sourceTree = "<group>"; };
		D2D8414D2B9D0F4F007224D3 /* ComputePipelineMetalSDL.mm */ = {isa = PBXFileReference; fileEncoding = 4; lastKnownFileType = sourcecode.cpp.objcpp; path = ComputePipelineMetalSDL.mm; sourceTree = "<group>"; };
		D2D8414E2B9D0F4F007224D3 /* ComputePipelineMetalSDL.h */ = {isa = PBXFileReference; fileEncoding = 4; lastKnownFileType = sourcecode.c.h; path = ComputePipelineMetalSDL.h; sourceTree = "<group>"; };
		D2D841502B9D0F4F007224D3 /* Normals.h */ = {isa = PBXFileReference; fileEncoding = 4; lastKnownFileType = sourcecode.c.h; path = Normals.h; sourceTree = "<group>"; };
		D2D841512B9D0F4F007224D3 /* Utils.h */ = {isa = PBXFileReference; fileEncoding = 4; lastKnownFileType = sourcecode.c.h; path = Utils.h; sourceTree = "<group>"; };
		D2D841522B9D0F4F007224D3 /* Basis.h */ = {isa = PBXFileReference; fileEncoding = 4; lastKnownFileType = sourcecode.c.h; path = Basis.h; sourceTree = "<group>"; };
		D2D841532B9D0F4F007224D3 /* Utils.cpp */ = {isa = PBXFileReference; fileEncoding = 4; lastKnownFileType = sourcecode.cpp.cpp; path = Utils.cpp; sourceTree = "<group>"; };
		D2D841542B9D0F4F007224D3 /* JoinModels.h */ = {isa = PBXFileReference; fileEncoding = 4; lastKnownFileType = sourcecode.c.h; path = JoinModels.h; sourceTree = "<group>"; };
		D2D841552B9D0F4F007224D3 /* JoinSlices.cpp */ = {isa = PBXFileReference; fileEncoding = 4; lastKnownFileType = sourcecode.cpp.cpp; path = JoinSlices.cpp; sourceTree = "<group>"; };
		D2D841562B9D0F4F007224D3 /* Project2D.h */ = {isa = PBXFileReference; fileEncoding = 4; lastKnownFileType = sourcecode.c.h; path = Project2D.h; sourceTree = "<group>"; };
		D2D841572B9D0F4F007224D3 /* Normals.cpp */ = {isa = PBXFileReference; fileEncoding = 4; lastKnownFileType = sourcecode.cpp.cpp; path = Normals.cpp; sourceTree = "<group>"; };
		D2D841582B9D0F4F007224D3 /* JoinSlices.h */ = {isa = PBXFileReference; fileEncoding = 4; lastKnownFileType = sourcecode.c.h; path = JoinSlices.h; sourceTree = "<group>"; };
		D2D841592B9D0F4F007224D3 /* Basis.cpp */ = {isa = PBXFileReference; fileEncoding = 4; lastKnownFileType = sourcecode.cpp.cpp; path = Basis.cpp; sourceTree = "<group>"; };
		D2D8415A2B9D0F4F007224D3 /* Project2D.cpp */ = {isa = PBXFileReference; fileEncoding = 4; lastKnownFileType = sourcecode.cpp.cpp; path = Project2D.cpp; sourceTree = "<group>"; };
		D2D8415B2B9D0F4F007224D3 /* JoinModels.cpp */ = {isa = PBXFileReference; fileEncoding = 4; lastKnownFileType = sourcecode.cpp.cpp; path = JoinModels.cpp; sourceTree = "<group>"; };
		D2D8415D2B9D0F4F007224D3 /* Rotator.h */ = {isa = PBXFileReference; fileEncoding = 4; lastKnownFileType = sourcecode.c.h; path = Rotator.h; sourceTree = "<group>"; };
		D2D8415E2B9D0F4F007224D3 /* Model.cpp */ = {isa = PBXFileReference; fileEncoding = 4; lastKnownFileType = sourcecode.cpp.cpp; path = Model.cpp; sourceTree = "<group>"; };
		D2D8415F2B9D0F4F007224D3 /* Rotator.cpp */ = {isa = PBXFileReference; fileEncoding = 4; lastKnownFileType = sourcecode.cpp.cpp; path = Rotator.cpp; sourceTree = "<group>"; };
		D2D841602B9D0F4F007224D3 /* Slice.h */ = {isa = PBXFileReference; fileEncoding = 4; lastKnownFileType = sourcecode.c.h; path = Slice.h; sourceTree = "<group>"; };
		D2D841612B9D0F4F007224D3 /* Slice.cpp */ = {isa = PBXFileReference; fileEncoding = 4; lastKnownFileType = sourcecode.cpp.cpp; path = Slice.cpp; sourceTree = "<group>"; };
		D2D841622B9D0F4F007224D3 /* Model.h */ = {isa = PBXFileReference; fileEncoding = 4; lastKnownFileType = sourcecode.c.h; path = Model.h; sourceTree = "<group>"; };
		D2D841632B9D0F4F007224D3 /* Scene.cpp */ = {isa = PBXFileReference; fileEncoding = 4; lastKnownFileType = sourcecode.cpp.cpp; path = Scene.cpp; sourceTree = "<group>"; };
		D2D841642B9D0F4F007224D3 /* Arrow.cpp */ = {isa = PBXFileReference; fileEncoding = 4; lastKnownFileType = sourcecode.cpp.cpp; path = Arrow.cpp; sourceTree = "<group>"; };
		D2D841652B9D0F4F007224D3 /* Arrow.h */ = {isa = PBXFileReference; fileEncoding = 4; lastKnownFileType = sourcecode.c.h; path = Arrow.h; sourceTree = "<group>"; };
		D2D841662B9D0F4F007224D3 /* Scene.h */ = {isa = PBXFileReference; fileEncoding = 4; lastKnownFileType = sourcecode.c.h; path = Scene.h; sourceTree = "<group>"; };
		D2D841672B9D0F4F007224D3 /* main.mm */ = {isa = PBXFileReference; fileEncoding = 4; lastKnownFileType = sourcecode.cpp.objcpp; path = main.mm; sourceTree = "<group>"; };
		D2D841692B9D0F4F007224D3 /* UserAction.cpp */ = {isa = PBXFileReference; fileEncoding = 4; lastKnownFileType = sourcecode.cpp.cpp; path = UserAction.cpp; sourceTree = "<group>"; };
		D2D8416A2B9D0F4F007224D3 /* FaceAddVertexAction.h */ = {isa = PBXFileReference; fileEncoding = 4; lastKnownFileType = sourcecode.c.h; path = FaceAddVertexAction.h; sourceTree = "<group>"; };
		D2D8416B2B9D0F4F007224D3 /* EdgeAddVertexAction.cpp */ = {isa = PBXFileReference; fileEncoding = 4; lastKnownFileType = sourcecode.cpp.cpp; path = EdgeAddVertexAction.cpp; sourceTree = "<group>"; };
		D2D8416C2B9D0F4F007224D3 /* ModelMoveAction.h */ = {isa = PBXFileReference; fileEncoding = 4; lastKnownFileType = sourcecode.c.h; path = ModelMoveAction.h; sourceTree = "<group>"; };
		D2D8416D2B9D0F4F007224D3 /* FaceAddVertexAction.cpp */ = {isa = PBXFileReference; fileEncoding = 4; lastKnownFileType = sourcecode.cpp.cpp; path = FaceAddVertexAction.cpp; sourceTree = "<group>"; };
		D2D8416E2B9D0F4F007224D3 /* EdgeAddVertexAction.h */ = {isa = PBXFileReference; fileEncoding = 4; lastKnownFileType = sourcecode.c.h; path = EdgeAddVertexAction.h; sourceTree = "<group>"; };
		D2D8416F2B9D0F4F007224D3 /* VertexMoveAction.h */ = {isa = PBXFileReference; fileEncoding = 4; lastKnownFileType = sourcecode.c.h; path = VertexMoveAction.h; sourceTree = "<group>"; };
		D2D841702B9D0F4F007224D3 /* ModelMoveAction.cpp */ = {isa = PBXFileReference; fileEncoding = 4; lastKnownFileType = sourcecode.cpp.cpp; path = ModelMoveAction.cpp; sourceTree = "<group>"; };
		D2D841712B9D0F4F007224D3 /* VertexMoveAction.cpp */ = {isa = PBXFileReference; fileEncoding = 4; lastKnownFileType = sourcecode.cpp.cpp; path = VertexMoveAction.cpp; sourceTree = "<group>"; };
		D2D841722B9D0F4F007224D3 /* UserAction.h */ = {isa = PBXFileReference; fileEncoding = 4; lastKnownFileType = sourcecode.c.h; path = UserAction.h; sourceTree = "<group>"; };
		D2D841732B9D0F4F007224D3 /* Info.plist */ = {isa = PBXFileReference; fileEncoding = 4; lastKnownFileType = text.plist.xml; path = Info.plist; sourceTree = "<group>"; };
		D2D841742B9D0F4F007224D3 /* Processing.metal */ = {isa = PBXFileReference; fileEncoding = 4; lastKnownFileType = sourcecode.metal; path = Processing.metal; sourceTree = "<group>"; };
		D2D841942B9D0F61007224D3 /* AppDelegate.h */ = {isa = PBXFileReference; fileEncoding = 4; lastKnownFileType = sourcecode.c.h; path = AppDelegate.h; sourceTree = "<group>"; };
		D2D841952B9D0F61007224D3 /* dragonfly.entitlements */ = {isa = PBXFileReference; fileEncoding = 4; lastKnownFileType = text.plist.entitlements; path = dragonfly.entitlements; sourceTree = "<group>"; };
		D2D841982B9D0F61007224D3 /* Assets.xcassets */ = {isa = PBXFileReference; lastKnownFileType = folder.assetcatalog; path = Assets.xcassets; sourceTree = "<group>"; };
		D2D8419C2B9D0F61007224D3 /* AppDelegate.m */ = {isa = PBXFileReference; fileEncoding = 4; lastKnownFileType = sourcecode.c.objc; path = AppDelegate.m; sourceTree = "<group>"; };
		D2D841A62B9D1431007224D3 /* imfilebrowser.h */ = {isa = PBXFileReference; lastKnownFileType = sourcecode.c.h; path = imfilebrowser.h; sourceTree = "<group>"; };
		D2D841A72B9D168A007224D3 /* Engine.h */ = {isa = PBXFileReference; lastKnownFileType = sourcecode.c.h; path = Engine.h; sourceTree = "<group>"; };
		D2D841A92B9D16A8007224D3 /* RenderPipeline.h */ = {isa = PBXFileReference; lastKnownFileType = sourcecode.c.h; path = RenderPipeline.h; sourceTree = "<group>"; };
		D2D841AA2B9D16B2007224D3 /* ComputePipeline.h */ = {isa = PBXFileReference; lastKnownFileType = sourcecode.c.h; path = ComputePipeline.h; sourceTree = "<group>"; };
		D2D841AB2B9D1B8E007224D3 /* Engine.cpp */ = {isa = PBXFileReference; lastKnownFileType = sourcecode.cpp.cpp; path = Engine.cpp; sourceTree = "<group>"; };
		D2D841AE2B9D1F2B007224D3 /* ComputePipeline.cpp */ = {isa = PBXFileReference; lastKnownFileType = sourcecode.cpp.cpp; path = ComputePipeline.cpp; sourceTree = "<group>"; };
		D2D841B02B9D2108007224D3 /* RenderPipeline.cpp */ = {isa = PBXFileReference; lastKnownFileType = sourcecode.cpp.cpp; path = RenderPipeline.cpp; sourceTree = "<group>"; };
		D2EAF74E27914118002DE553 /* dragonfly.app */ = {isa = PBXFileReference; explicitFileType = wrapper.application; includeInIndex = 0; path = dragonfly.app; sourceTree = BUILT_PRODUCTS_DIR; };
		D2EAF92327914191002DE553 /* Metal.framework */ = {isa = PBXFileReference; lastKnownFileType = wrapper.framework; name = Metal.framework; path = System/Library/Frameworks/Metal.framework; sourceTree = SDKROOT; };
		D2EAF92527914197002DE553 /* QuartzCore.framework */ = {isa = PBXFileReference; lastKnownFileType = wrapper.framework; name = QuartzCore.framework; path = System/Library/Frameworks/QuartzCore.framework; sourceTree = SDKROOT; };
/* End PBXFileReference section */

/* Begin PBXFrameworksBuildPhase section */
		D2EAF74B27914118002DE553 /* Frameworks */ = {
			isa = PBXFrameworksBuildPhase;
			buildActionMask = 2147483647;
			files = (
				D28B7D852793B4AC00C0E47F /* SDL2.framework in Frameworks */,
				D2EAF92627914197002DE553 /* QuartzCore.framework in Frameworks */,
				D2EAF92427914191002DE553 /* Metal.framework in Frameworks */,
			);
			runOnlyForDeploymentPostprocessing = 0;
		};
/* End PBXFrameworksBuildPhase section */

/* Begin PBXGroup section */
		D24904892CA74B1500DEA0F6 /* windows */ = {
			isa = PBXGroup;
			children = (
				D249048A2CA74B1500DEA0F6 /* Processing */,
				D24904A02CA74B1500DEA0F6 /* Makefile */,
				D24904A12CA74B1500DEA0F6 /* EngineGLFW.h */,
				D24904A22CA74B1500DEA0F6 /* Pipelines */,
				D24904A72CA74B1500DEA0F6 /* ShaderProcessor.h */,
				D24904A82CA74B1500DEA0F6 /* imgui.ini */,
				D24904A92CA74B1500DEA0F6 /* glad */,
				D24904B12CA74B1500DEA0F6 /* ShaderProcessor.cpp */,
				D24904B22CA74B1500DEA0F6 /* EngineGLFW.cpp */,
				D24904B32CA74B1500DEA0F6 /* main.cpp */,
			);
			path = windows;
			sourceTree = "<group>";
		};
		D249048A2CA74B1500DEA0F6 /* Processing */ = {
			isa = PBXGroup;
			children = (
				D249048F2CA74B1500DEA0F6 /* Render */,
				D24904942CA74B1500DEA0F6 /* Compute */,
				D249049F2CA74B1500DEA0F6 /* util.glsl */,
			);
			path = Processing;
			sourceTree = "<group>";
		};
		D249048F2CA74B1500DEA0F6 /* Render */ = {
			isa = PBXGroup;
			children = (
				D24904902CA74B1500DEA0F6 /* SuperDefaultVertexShader.vert */,
				D24904912CA74B1500DEA0F6 /* FragmentShader.frag */,
				D24904922CA74B1500DEA0F6 /* SuperDefaultEdgeShader.vert */,
				D24904932CA74B1500DEA0F6 /* DefaultFaceShader.vert */,
			);
			path = Render;
			sourceTree = "<group>";
		};
		D24904942CA74B1500DEA0F6 /* Compute */ = {
			isa = PBXGroup;
			children = (
				D24904952CA74B1500DEA0F6 /* CalculateUIVertices.comp */,
				D24904962CA74B1500DEA0F6 /* CalculateFaceLighting.comp */,
				D24904972CA74B1500DEA0F6 /* CalculateVertexSquares.comp */,
				D24904982CA74B1500DEA0F6 /* CalculateSlicePlates.comp */,
				D24904992CA74B1500DEA0F6 /* CalculateProjectedNodes.comp */,
				D249049A2CA74B1500DEA0F6 /* CalculateProjectedVertices.comp */,
				D249049B2CA74B1500DEA0F6 /* CalculateVertices.comp */,
				D249049C2CA74B1500DEA0F6 /* CalculateScaledDots.comp */,
				D249049D2CA74B1500DEA0F6 /* CalculateModelNodeTransforms.comp */,
				D249049E2CA74B1500DEA0F6 /* CalculateProjectedDots.comp */,
			);
			path = Compute;
			sourceTree = "<group>";
		};
		D24904A22CA74B1500DEA0F6 /* Pipelines */ = {
			isa = PBXGroup;
			children = (
				D24904A32CA74B1500DEA0F6 /* RenderPipelineGLFW.cpp */,
				D24904A42CA74B1500DEA0F6 /* ComputePipelineGLFW.cpp */,
				D24904A52CA74B1500DEA0F6 /* RenderPipelineGLFW.h */,
				D24904A62CA74B1500DEA0F6 /* ComputePipelineGLFW.h */,
			);
			path = Pipelines;
			sourceTree = "<group>";
		};
		D24904A92CA74B1500DEA0F6 /* glad */ = {
			isa = PBXGroup;
			children = (
				D24904AA2CA74B1500DEA0F6 /* include */,
				D24904AF2CA74B1500DEA0F6 /* src */,
			);
			path = glad;
			sourceTree = "<group>";
		};
		D24904AA2CA74B1500DEA0F6 /* include */ = {
			isa = PBXGroup;
			children = (
				D24904AB2CA74B1500DEA0F6 /* KHR */,
				D24904AD2CA74B1500DEA0F6 /* glad */,
			);
			path = include;
			sourceTree = "<group>";
		};
		D24904AB2CA74B1500DEA0F6 /* KHR */ = {
			isa = PBXGroup;
			children = (
				D24904AC2CA74B1500DEA0F6 /* khrplatform.h */,
			);
			path = KHR;
			sourceTree = "<group>";
		};
		D24904AD2CA74B1500DEA0F6 /* glad */ = {
			isa = PBXGroup;
			children = (
				D24904AE2CA74B1500DEA0F6 /* glad.h */,
			);
			path = glad;
			sourceTree = "<group>";
		};
		D24904AF2CA74B1500DEA0F6 /* src */ = {
			isa = PBXGroup;
			children = (
				D24904B02CA74B1500DEA0F6 /* glad.c */,
			);
			path = src;
			sourceTree = "<group>";
		};
		D24904B42CA7500E00DEA0F6 /* Lights */ = {
			isa = PBXGroup;
			children = (
				D24904B52CA7500E00DEA0F6 /* PointLight.h */,
				D24904B62CA7500E00DEA0F6 /* PointLight.cpp */,
				D24904B72CA7500E00DEA0F6 /* Light.h */,
				D24904B82CA7500E00DEA0F6 /* Light.cpp */,
			);
			path = Lights;
			sourceTree = "<group>";
		};
		D2C686592CF3CE750056A760 /* Panels */ = {
			isa = PBXGroup;
			children = (
				D2A0D4352D06604D00FEE0D9 /* Window.h */,
				D2A0D4322D06604D00FEE0D9 /* Window.cpp */,
				D2C6865B2CF3CE750056A760 /* Panel.h */,
				D2C6865A2CF3CE750056A760 /* Panel.cpp */,
				D2A0D4312D06604D00FEE0D9 /* ControlsPanel.h */,
				D2A0D4342D06604D00FEE0D9 /* UIPanel.h */,
				D2A0D4332D06604D00FEE0D9 /* ViewPanel.cpp */,
				D2A0D4362D06604D00FEE0D9 /* ViewPanel.h */,
			);
			path = Panels;
			sourceTree = "<group>";
		};
		D2D840F92B9D0F43007224D3 /* imgui */ = {
			isa = PBXGroup;
			children = (
				D2D841A62B9D1431007224D3 /* imfilebrowser.h */,
				D2D840FA2B9D0F43007224D3 /* imgui.h */,
				D2D840FB2B9D0F43007224D3 /* imstb_textedit.h */,
				D2D840FC2B9D0F43007224D3 /* imconfig.h */,
				D2D840FD2B9D0F43007224D3 /* imgui_widgets.cpp */,
				D2D840FE2B9D0F43007224D3 /* imstb_truetype.h */,
				D2D840FF2B9D0F43007224D3 /* backends */,
				D2D8410D2B9D0F43007224D3 /* .editorconfig */,
				D2D8410F2B9D0F43007224D3 /* imgui.cpp */,
				D2D841112B9D0F43007224D3 /* imgui_internal.h */,
				D2D8411B2B9D0F43007224D3 /* imstb_rectpack.h */,
				D2D8411C2B9D0F43007224D3 /* LICENSE.txt */,
				D2D8411D2B9D0F43007224D3 /* imgui_tables.cpp */,
				D2D8411F2B9D0F43007224D3 /* imgui_draw.cpp */,
			);
			path = imgui;
			sourceTree = "<group>";
		};
		D2D840FF2B9D0F43007224D3 /* backends */ = {
			isa = PBXGroup;
			children = (
				D2D841002B9D0F43007224D3 /* imgui_impl_sdl.h */,
				D2D841012B9D0F43007224D3 /* imgui_impl_opengl3.h */,
				D2D841022B9D0F43007224D3 /* imgui_impl_glut.h */,
				D2D841042B9D0F43007224D3 /* imgui_impl_opengl3_loader.h */,
				D2D841052B9D0F43007224D3 /* imgui_impl_metal.mm */,
				D2D841062B9D0F43007224D3 /* imgui_impl_glut.cpp */,
				D2D841082B9D0F43007224D3 /* imgui_impl_glfw.h */,
				D2D841092B9D0F43007224D3 /* imgui_impl_metal.h */,
				D2D8410A2B9D0F43007224D3 /* imgui_impl_opengl3.cpp */,
				D2D8410B2B9D0F43007224D3 /* imgui_impl_glfw.cpp */,
				D2D8410C2B9D0F43007224D3 /* imgui_impl_sdl.cpp */,
			);
			path = backends;
			sourceTree = "<group>";
		};
		D2D841352B9D0F4F007224D3 /* core */ = {
			isa = PBXGroup;
			children = (
				D24904B42CA7500E00DEA0F6 /* Lights */,
				D2D841362B9D0F4F007224D3 /* UI */,
				D2C686592CF3CE750056A760 /* Panels */,
				D2D841392B9D0F4F007224D3 /* Schemes */,
				D2D8414F2B9D0F4F007224D3 /* Utils */,
				D2D841682B9D0F4F007224D3 /* UserActions */,
				D2D8415C2B9D0F4F007224D3 /* Modeling */,
				D2D841A82B9D1694007224D3 /* Pipelines */,
				D2D841A72B9D168A007224D3 /* Engine.h */,
				D2D841AB2B9D1B8E007224D3 /* Engine.cpp */,
			);
			path = core;
			sourceTree = "<group>";
		};
		D2D841362B9D0F4F007224D3 /* UI */ = {
			isa = PBXGroup;
			children = (
				D2D841372B9D0F4F007224D3 /* UIElement.h */,
				D2D841382B9D0F4F007224D3 /* UIElement.cpp */,
			);
			path = UI;
			sourceTree = "<group>";
		};
		D2D841392B9D0F4F007224D3 /* Schemes */ = {
			isa = PBXGroup;
			children = (
				D2D8413D2B9D0F4F007224D3 /* SchemeController.h */,
				D2D8413E2B9D0F4F007224D3 /* SchemeController.cpp */,
				D2D841432B9D0F4F007224D3 /* Scheme.h */,
				D2D841402B9D0F4F007224D3 /* Scheme.cpp */,
				D2D841422B9D0F4F007224D3 /* EditScheme.h */,
				D2D841442B9D0F4F007224D3 /* EditScheme.cpp */,
				D2D8413F2B9D0F4F007224D3 /* EditModelScheme.h */,
				D2D841452B9D0F4F007224D3 /* EditModelScheme.cpp */,
				D2D8413B2B9D0F4F007224D3 /* EditFEVScheme.h */,
				D2D841462B9D0F4F007224D3 /* EditFEVScheme.cpp */,
				D2D841472B9D0F4F007224D3 /* EditNodeScheme.h */,
				D2D841412B9D0F4F007224D3 /* EditNodeScheme.cpp */,
				D2D8413A2B9D0F4F007224D3 /* EditSliceScheme.h */,
				D2D8413C2B9D0F4F007224D3 /* EditSliceScheme.cpp */,
			);
			path = Schemes;
			sourceTree = "<group>";
		};
		D2D8414A2B9D0F4F007224D3 /* Pipelines */ = {
			isa = PBXGroup;
			children = (
				D2D8414E2B9D0F4F007224D3 /* ComputePipelineMetalSDL.h */,
				D2D8414D2B9D0F4F007224D3 /* ComputePipelineMetalSDL.mm */,
				D2D8414B2B9D0F4F007224D3 /* RenderPipelineMetalSDL.h */,
				D2D8414C2B9D0F4F007224D3 /* RenderPipelineMetalSDL.mm */,
			);
			path = Pipelines;
			sourceTree = "<group>";
		};
		D2D8414F2B9D0F4F007224D3 /* Utils */ = {
			isa = PBXGroup;
			children = (
				D2A0D43B2D0663E000FEE0D9 /* Constants.h */,
				D2A0D43A2D0660DF00FEE0D9 /* Buffers.h */,
				D2A0D4392D0660DF00FEE0D9 /* Misc.h */,
				D2D841512B9D0F4F007224D3 /* Utils.h */,
				D2D841532B9D0F4F007224D3 /* Utils.cpp */,
				D29549672BF5779900FE1130 /* Vec.h */,
				D29549662BF5779900FE1130 /* Vec.cpp */,
				D2D841522B9D0F4F007224D3 /* Basis.h */,
				D2D841592B9D0F4F007224D3 /* Basis.cpp */,
				D2D841502B9D0F4F007224D3 /* Normals.h */,
				D2D841572B9D0F4F007224D3 /* Normals.cpp */,
				D2D841542B9D0F4F007224D3 /* JoinModels.h */,
				D2D8415B2B9D0F4F007224D3 /* JoinModels.cpp */,
				D2D841582B9D0F4F007224D3 /* JoinSlices.h */,
				D2D841552B9D0F4F007224D3 /* JoinSlices.cpp */,
				D2D841562B9D0F4F007224D3 /* Project2D.h */,
				D2D8415A2B9D0F4F007224D3 /* Project2D.cpp */,
				D2092AD52BF70D0F006F6DCC /* Wrap.h */,
				D2092AD42BF70D0F006F6DCC /* Wrap.cpp */,
			);
			path = Utils;
			sourceTree = "<group>";
		};
		D2D8415C2B9D0F4F007224D3 /* Modeling */ = {
			isa = PBXGroup;
			children = (
				D2D841662B9D0F4F007224D3 /* Scene.h */,
				D2D841632B9D0F4F007224D3 /* Scene.cpp */,
				D2D841622B9D0F4F007224D3 /* Model.h */,
				D2D8415E2B9D0F4F007224D3 /* Model.cpp */,
				D2D841602B9D0F4F007224D3 /* Slice.h */,
				D2D841612B9D0F4F007224D3 /* Slice.cpp */,
				D2D841652B9D0F4F007224D3 /* Arrow.h */,
				D2D841642B9D0F4F007224D3 /* Arrow.cpp */,
				D2D8415D2B9D0F4F007224D3 /* Rotator.h */,
				D2D8415F2B9D0F4F007224D3 /* Rotator.cpp */,
				D2092AD22BF6D8C4006F6DCC /* ForceField.h */,
				D2092AD12BF6D8C4006F6DCC /* ForceField.cpp */,
				D24904BB2CA7503700DEA0F6 /* Force.h */,
				D24904BD2CA7503700DEA0F6 /* BeanForce.cpp */,
				D24904BC2CA7503700DEA0F6 /* BeanForce.h */,
			);
			path = Modeling;
			sourceTree = "<group>";
		};
		D2D841682B9D0F4F007224D3 /* UserActions */ = {
			isa = PBXGroup;
			children = (
				D2D841722B9D0F4F007224D3 /* UserAction.h */,
				D2D841692B9D0F4F007224D3 /* UserAction.cpp */,
				D2D8416C2B9D0F4F007224D3 /* ModelMoveAction.h */,
				D2D841702B9D0F4F007224D3 /* ModelMoveAction.cpp */,
				D2D8416F2B9D0F4F007224D3 /* VertexMoveAction.h */,
				D2D841712B9D0F4F007224D3 /* VertexMoveAction.cpp */,
				D2D8416A2B9D0F4F007224D3 /* FaceAddVertexAction.h */,
				D2D8416D2B9D0F4F007224D3 /* FaceAddVertexAction.cpp */,
				D2D8416E2B9D0F4F007224D3 /* EdgeAddVertexAction.h */,
				D2D8416B2B9D0F4F007224D3 /* EdgeAddVertexAction.cpp */,
			);
			path = UserActions;
			sourceTree = "<group>";
		};
		D2D841932B9D0F61007224D3 /* macOS */ = {
			isa = PBXGroup;
			children = (
				D2D841732B9D0F4F007224D3 /* Info.plist */,
				D2D841952B9D0F61007224D3 /* dragonfly.entitlements */,
				D2D841942B9D0F61007224D3 /* AppDelegate.h */,
				D2D841982B9D0F61007224D3 /* Assets.xcassets */,
				D2D8419C2B9D0F61007224D3 /* AppDelegate.m */,
				D2D8414A2B9D0F4F007224D3 /* Pipelines */,
				D2D841482B9D0F4F007224D3 /* EngineMetalSDL.h */,
				D2D841492B9D0F4F007224D3 /* EngineMetalSDL.mm */,
				D2D841742B9D0F4F007224D3 /* Processing.metal */,
				D2D841672B9D0F4F007224D3 /* main.mm */,
			);
			path = macOS;
			sourceTree = SOURCE_ROOT;
		};
		D2D841A82B9D1694007224D3 /* Pipelines */ = {
			isa = PBXGroup;
			children = (
				D2D841AA2B9D16B2007224D3 /* ComputePipeline.h */,
				D2D841AE2B9D1F2B007224D3 /* ComputePipeline.cpp */,
				D2D841A92B9D16A8007224D3 /* RenderPipeline.h */,
				D2D841B02B9D2108007224D3 /* RenderPipeline.cpp */,
			);
			path = Pipelines;
			sourceTree = "<group>";
		};
		D2EAF74527914118002DE553 = {
			isa = PBXGroup;
			children = (
				D2D840F92B9D0F43007224D3 /* imgui */,
				D2D841352B9D0F4F007224D3 /* core */,
				D2D841932B9D0F61007224D3 /* macOS */,
				D24904892CA74B1500DEA0F6 /* windows */,
				D2EAF92227914191002DE553 /* Frameworks */,
				D2A0D42D2D065FBD00FEE0D9 /* todo.md */,
				D2A0D42F2D065FE000FEE0D9 /* README.md */,
			);
			sourceTree = "<group>";
		};
		D2EAF74F27914118002DE553 /* Products */ = {
			isa = PBXGroup;
			children = (
				D2EAF74E27914118002DE553 /* dragonfly.app */,
			);
			name = Products;
			sourceTree = "<group>";
		};
		D2EAF92227914191002DE553 /* Frameworks */ = {
			isa = PBXGroup;
			children = (
				D2EAF74F27914118002DE553 /* Products */,
				D28B7D842793B4AC00C0E47F /* SDL2.framework */,
				D2EAF92527914197002DE553 /* QuartzCore.framework */,
				D2EAF92327914191002DE553 /* Metal.framework */,
			);
			name = Frameworks;
			sourceTree = "<group>";
		};
/* End PBXGroup section */

/* Begin PBXNativeTarget section */
		D2EAF74D27914118002DE553 /* dragonfly */ = {
			isa = PBXNativeTarget;
			buildConfigurationList = D2EAF77727914119002DE553 /* Build configuration list for PBXNativeTarget "dragonfly" */;
			buildPhases = (
				D2EAF74A27914118002DE553 /* Sources */,
				D2EAF74B27914118002DE553 /* Frameworks */,
				D2EAF74C27914118002DE553 /* Resources */,
				D28B7D872793B4AD00C0E47F /* Embed Frameworks */,
			);
			buildRules = (
			);
			dependencies = (
			);
			name = dragonfly;
			productName = dragonfly;
			productReference = D2EAF74E27914118002DE553 /* dragonfly.app */;
			productType = "com.apple.product-type.application";
		};
/* End PBXNativeTarget section */

/* Begin PBXProject section */
		D2EAF74627914118002DE553 /* Project object */ = {
			isa = PBXProject;
			attributes = {
				BuildIndependentTargetsInParallel = 1;
				LastUpgradeCheck = 1310;
				TargetAttributes = {
					D2EAF74D27914118002DE553 = {
						CreatedOnToolsVersion = 13.1;
					};
				};
			};
			buildConfigurationList = D2EAF74927914118002DE553 /* Build configuration list for PBXProject "dragonfly" */;
			compatibilityVersion = "Xcode 13.0";
			developmentRegion = en;
			hasScannedForEncodings = 0;
			knownRegions = (
				en,
				Base,
			);
			mainGroup = D2EAF74527914118002DE553;
			productRefGroup = D2EAF74F27914118002DE553 /* Products */;
			projectDirPath = "";
			projectRoot = "";
			targets = (
				D2EAF74D27914118002DE553 /* dragonfly */,
			);
		};
/* End PBXProject section */

/* Begin PBXResourcesBuildPhase section */
		D2EAF74C27914118002DE553 /* Resources */ = {
			isa = PBXResourcesBuildPhase;
			buildActionMask = 2147483647;
			files = (
				D2A0D4302D065FE000FEE0D9 /* README.md in Resources */,
				D2D841312B9D0F44007224D3 /* LICENSE.txt in Resources */,
				D2D841272B9D0F44007224D3 /* .editorconfig in Resources */,
				D2D841912B9D0F4F007224D3 /* Info.plist in Resources */,
				D2D8419E2B9D0F61007224D3 /* Assets.xcassets in Resources */,
				D2A0D42E2D065FBD00FEE0D9 /* todo.md in Resources */,
			);
			runOnlyForDeploymentPostprocessing = 0;
		};
/* End PBXResourcesBuildPhase section */

/* Begin PBXSourcesBuildPhase section */
		D2EAF74A27914118002DE553 /* Sources */ = {
			isa = PBXSourcesBuildPhase;
			buildActionMask = 2147483647;
			files = (
				D2D841A12B9D0F61007224D3 /* AppDelegate.m in Sources */,
				D2D8418B2B9D0F4F007224D3 /* main.mm in Sources */,
				D2A0D4372D06604D00FEE0D9 /* Window.cpp in Sources */,
				D2D841322B9D0F44007224D3 /* imgui_tables.cpp in Sources */,
				D2D841842B9D0F4F007224D3 /* Project2D.cpp in Sources */,
				D2D841B12B9D2108007224D3 /* RenderPipeline.cpp in Sources */,
				D2D8417B2B9D0F4F007224D3 /* EditModelScheme.cpp in Sources */,
				D2D841262B9D0F44007224D3 /* imgui_impl_sdl.cpp in Sources */,
				D2D8417C2B9D0F4F007224D3 /* EditFEVScheme.cpp in Sources */,
				D2D8418A2B9D0F4F007224D3 /* Arrow.cpp in Sources */,
				D2D841762B9D0F4F007224D3 /* EditSliceScheme.cpp in Sources */,
				D2D841772B9D0F4F007224D3 /* SchemeController.cpp in Sources */,
				D2D841292B9D0F44007224D3 /* imgui.cpp in Sources */,
				D24904B92CA7500F00DEA0F6 /* PointLight.cpp in Sources */,
				D2D841872B9D0F4F007224D3 /* Rotator.cpp in Sources */,
				D2D841752B9D0F4F007224D3 /* UIElement.cpp in Sources */,
				D2D8418F2B9D0F4F007224D3 /* ModelMoveAction.cpp in Sources */,
				D2D841822B9D0F4F007224D3 /* Normals.cpp in Sources */,
				D2092AD32BF6D8C4006F6DCC /* ForceField.cpp in Sources */,
				D2D841AD2B9D1B8E007224D3 /* Engine.cpp in Sources */,
				D2D841202B9D0F44007224D3 /* imgui_widgets.cpp in Sources */,
				D2D8417D2B9D0F4F007224D3 /* EngineMetalSDL.mm in Sources */,
				D2D841782B9D0F4F007224D3 /* Scheme.cpp in Sources */,
				D24904BA2CA7500F00DEA0F6 /* Light.cpp in Sources */,
				D2D841862B9D0F4F007224D3 /* Model.cpp in Sources */,
				D2D841792B9D0F4F007224D3 /* EditNodeScheme.cpp in Sources */,
				D2D8418D2B9D0F4F007224D3 /* EdgeAddVertexAction.cpp in Sources */,
				D2C6865C2CF3CE750056A760 /* Panel.cpp in Sources */,
				D2D841212B9D0F44007224D3 /* imgui_impl_metal.mm in Sources */,
				D2D841AF2B9D1F2B007224D3 /* ComputePipeline.cpp in Sources */,
				D2D841882B9D0F4F007224D3 /* Slice.cpp in Sources */,
				D2D8417F2B9D0F4F007224D3 /* ComputePipelineMetalSDL.mm in Sources */,
				D2D8418C2B9D0F4F007224D3 /* UserAction.cpp in Sources */,
				D2D841812B9D0F4F007224D3 /* JoinSlices.cpp in Sources */,
				D2D841342B9D0F44007224D3 /* imgui_draw.cpp in Sources */,
				D24904BE2CA7503700DEA0F6 /* BeanForce.cpp in Sources */,
				D29549682BF5779900FE1130 /* Vec.cpp in Sources */,
				D2D841852B9D0F4F007224D3 /* JoinModels.cpp in Sources */,
				D2D8418E2B9D0F4F007224D3 /* FaceAddVertexAction.cpp in Sources */,
				D2D8417E2B9D0F4F007224D3 /* RenderPipelineMetalSDL.mm in Sources */,
				D2D841832B9D0F4F007224D3 /* Basis.cpp in Sources */,
				D2A0D4382D06604D00FEE0D9 /* ViewPanel.cpp in Sources */,
				D2D8417A2B9D0F4F007224D3 /* EditScheme.cpp in Sources */,
				D2D841902B9D0F4F007224D3 /* VertexMoveAction.cpp in Sources */,
				D2D841892B9D0F4F007224D3 /* Scene.cpp in Sources */,
				D2092AD62BF70D0F006F6DCC /* Wrap.cpp in Sources */,
				D2D841922B9D0F4F007224D3 /* Processing.metal in Sources */,
				D2D841802B9D0F4F007224D3 /* Utils.cpp in Sources */,
			);
			runOnlyForDeploymentPostprocessing = 0;
		};
/* End PBXSourcesBuildPhase section */

/* Begin XCBuildConfiguration section */
		D2D841A22B9D1230007224D3 /* Debug */ = {
			isa = XCBuildConfiguration;
			buildSettings = {
				ALWAYS_SEARCH_USER_PATHS = NO;
				CLANG_ANALYZER_NONNULL = YES;
				CLANG_ANALYZER_NUMBER_OBJECT_CONVERSION = YES_AGGRESSIVE;
				CLANG_CXX_LANGUAGE_STANDARD = "gnu++17";
				CLANG_CXX_LIBRARY = "libc++";
				CLANG_ENABLE_MODULES = YES;
				CLANG_ENABLE_OBJC_ARC = YES;
				CLANG_ENABLE_OBJC_WEAK = YES;
				CLANG_WARN_BLOCK_CAPTURE_AUTORELEASING = YES;
				CLANG_WARN_BOOL_CONVERSION = YES;
				CLANG_WARN_COMMA = YES;
				CLANG_WARN_CONSTANT_CONVERSION = YES;
				CLANG_WARN_DEPRECATED_OBJC_IMPLEMENTATIONS = YES;
				CLANG_WARN_DIRECT_OBJC_ISA_USAGE = YES_ERROR;
				CLANG_WARN_DOCUMENTATION_COMMENTS = YES;
				CLANG_WARN_EMPTY_BODY = YES;
				CLANG_WARN_ENUM_CONVERSION = YES;
				CLANG_WARN_INFINITE_RECURSION = YES;
				CLANG_WARN_INT_CONVERSION = YES;
				CLANG_WARN_NON_LITERAL_NULL_CONVERSION = YES;
				CLANG_WARN_OBJC_IMPLICIT_RETAIN_SELF = YES;
				CLANG_WARN_OBJC_LITERAL_CONVERSION = YES;
				CLANG_WARN_OBJC_ROOT_CLASS = YES_ERROR;
				CLANG_WARN_QUOTED_INCLUDE_IN_FRAMEWORK_HEADER = YES;
				CLANG_WARN_RANGE_LOOP_ANALYSIS = YES;
				CLANG_WARN_STRICT_PROTOTYPES = YES;
				CLANG_WARN_SUSPICIOUS_MOVE = YES;
				CLANG_WARN_UNGUARDED_AVAILABILITY = YES_AGGRESSIVE;
				CLANG_WARN_UNREACHABLE_CODE = YES;
				CLANG_WARN__DUPLICATE_METHOD_MATCH = YES;
				COPY_PHASE_STRIP = NO;
				DEBUG_INFORMATION_FORMAT = "dwarf-with-dsym";
				ENABLE_NS_ASSERTIONS = NO;
				ENABLE_STRICT_OBJC_MSGSEND = YES;
				GCC_C_LANGUAGE_STANDARD = gnu11;
				GCC_NO_COMMON_BLOCKS = YES;
				GCC_WARN_64_TO_32_BIT_CONVERSION = YES;
				GCC_WARN_ABOUT_RETURN_TYPE = YES_ERROR;
				GCC_WARN_UNDECLARED_SELECTOR = YES;
				GCC_WARN_UNINITIALIZED_AUTOS = YES_AGGRESSIVE;
				GCC_WARN_UNUSED_FUNCTION = YES;
				GCC_WARN_UNUSED_VARIABLE = YES;
				MACOSX_DEPLOYMENT_TARGET = 12.0;
				MTL_ENABLE_DEBUG_INFO = INCLUDE_SOURCE;
				MTL_FAST_MATH = YES;
				SDKROOT = macosx;
			};
			name = Debug;
		};
		D2D841A32B9D1230007224D3 /* Debug */ = {
			isa = XCBuildConfiguration;
			buildSettings = {
				ASSETCATALOG_COMPILER_APPICON_NAME = AppIcon;
				ASSETCATALOG_COMPILER_GLOBAL_ACCENT_COLOR_NAME = AccentColor;
				CODE_SIGN_ENTITLEMENTS = macOS/dragonfly.entitlements;
				"CODE_SIGN_IDENTITY[sdk=macosx*]" = "Apple Development";
				CODE_SIGN_STYLE = Automatic;
				COMBINE_HIDPI_IMAGES = YES;
				CURRENT_PROJECT_VERSION = 1;
				DEVELOPMENT_TEAM = PQU428V4N5;
				ENABLE_HARDENED_RUNTIME = YES;
				FRAMEWORK_SEARCH_PATHS = (
					"$(inherited)",
					"$(LOCAL_LIBRARY_DIR)/Frameworks",
				);
				GENERATE_INFOPLIST_FILE = YES;
				HEADER_SEARCH_PATHS = (
					/usr/local/include/SDL2/,
					/Users/thomasliang/Documents/frameworks/nativefiledialog/src,
					/Users/thomasliang/Documents/frameworks/nativefiledialog/src/include,
					"/Users/thomasliang/Documents/Programs/dragonfly/**",
				);
				INFOPLIST_FILE = macOS/Info.plist;
				INFOPLIST_KEY_NSHumanReadableCopyright = "";
				INFOPLIST_KEY_NSMainStoryboardFile = Main;
				INFOPLIST_KEY_NSPrincipalClass = NSApplication;
				LD_RUNPATH_SEARCH_PATHS = (
					"$(inherited)",
					"@executable_path/../Frameworks",
				);
				LIBRARY_SEARCH_PATHS = /usr/local/include/SDL2;
				MARKETING_VERSION = 0.3;
				ONLY_ACTIVE_ARCH = YES;
				OTHER_LDFLAGS = "-ld_classic";
				PRODUCT_BUNDLE_IDENTIFIER = com.thomasliang.dragonfly;
				PRODUCT_NAME = "$(TARGET_NAME)";
				SWIFT_EMIT_LOC_STRINGS = YES;
			};
			name = Debug;
		};
		D2EAF77627914119002DE553 /* Release */ = {
			isa = XCBuildConfiguration;
			buildSettings = {
				ALWAYS_SEARCH_USER_PATHS = NO;
				CLANG_ANALYZER_NONNULL = YES;
				CLANG_ANALYZER_NUMBER_OBJECT_CONVERSION = YES_AGGRESSIVE;
				CLANG_CXX_LANGUAGE_STANDARD = "gnu++17";
				CLANG_CXX_LIBRARY = "libc++";
				CLANG_ENABLE_MODULES = YES;
				CLANG_ENABLE_OBJC_ARC = YES;
				CLANG_ENABLE_OBJC_WEAK = YES;
				CLANG_WARN_BLOCK_CAPTURE_AUTORELEASING = YES;
				CLANG_WARN_BOOL_CONVERSION = YES;
				CLANG_WARN_COMMA = YES;
				CLANG_WARN_CONSTANT_CONVERSION = YES;
				CLANG_WARN_DEPRECATED_OBJC_IMPLEMENTATIONS = YES;
				CLANG_WARN_DIRECT_OBJC_ISA_USAGE = YES_ERROR;
				CLANG_WARN_DOCUMENTATION_COMMENTS = YES;
				CLANG_WARN_EMPTY_BODY = YES;
				CLANG_WARN_ENUM_CONVERSION = YES;
				CLANG_WARN_INFINITE_RECURSION = YES;
				CLANG_WARN_INT_CONVERSION = YES;
				CLANG_WARN_NON_LITERAL_NULL_CONVERSION = YES;
				CLANG_WARN_OBJC_IMPLICIT_RETAIN_SELF = YES;
				CLANG_WARN_OBJC_LITERAL_CONVERSION = YES;
				CLANG_WARN_OBJC_ROOT_CLASS = YES_ERROR;
				CLANG_WARN_QUOTED_INCLUDE_IN_FRAMEWORK_HEADER = YES;
				CLANG_WARN_RANGE_LOOP_ANALYSIS = YES;
				CLANG_WARN_STRICT_PROTOTYPES = YES;
				CLANG_WARN_SUSPICIOUS_MOVE = YES;
				CLANG_WARN_UNGUARDED_AVAILABILITY = YES_AGGRESSIVE;
				CLANG_WARN_UNREACHABLE_CODE = YES;
				CLANG_WARN__DUPLICATE_METHOD_MATCH = YES;
				COPY_PHASE_STRIP = NO;
				DEBUG_INFORMATION_FORMAT = "dwarf-with-dsym";
				ENABLE_NS_ASSERTIONS = NO;
				ENABLE_STRICT_OBJC_MSGSEND = YES;
				GCC_C_LANGUAGE_STANDARD = gnu11;
				GCC_NO_COMMON_BLOCKS = YES;
				GCC_WARN_64_TO_32_BIT_CONVERSION = YES;
				GCC_WARN_ABOUT_RETURN_TYPE = YES_ERROR;
				GCC_WARN_UNDECLARED_SELECTOR = YES;
				GCC_WARN_UNINITIALIZED_AUTOS = YES_AGGRESSIVE;
				GCC_WARN_UNUSED_FUNCTION = YES;
				GCC_WARN_UNUSED_VARIABLE = YES;
				MACOSX_DEPLOYMENT_TARGET = 12.0;
				MTL_ENABLE_DEBUG_INFO = INCLUDE_SOURCE;
				MTL_FAST_MATH = YES;
				SDKROOT = macosx;
			};
			name = Release;
		};
		D2EAF77927914119002DE553 /* Release */ = {
			isa = XCBuildConfiguration;
			buildSettings = {
				ASSETCATALOG_COMPILER_APPICON_NAME = AppIcon;
				ASSETCATALOG_COMPILER_GLOBAL_ACCENT_COLOR_NAME = AccentColor;
				CODE_SIGN_ENTITLEMENTS = macOS/dragonfly.entitlements;
				"CODE_SIGN_IDENTITY[sdk=macosx*]" = "Apple Development";
				CODE_SIGN_STYLE = Automatic;
				COMBINE_HIDPI_IMAGES = YES;
				CURRENT_PROJECT_VERSION = 1;
				DEVELOPMENT_TEAM = PQU428V4N5;
				ENABLE_HARDENED_RUNTIME = YES;
				FRAMEWORK_SEARCH_PATHS = (
					"$(inherited)",
					"$(LOCAL_LIBRARY_DIR)/Frameworks",
				);
				GENERATE_INFOPLIST_FILE = YES;
				HEADER_SEARCH_PATHS = (
					/usr/local/include/SDL2/,
					/Users/thomasliang/Documents/frameworks/nativefiledialog/src,
					/Users/thomasliang/Documents/frameworks/nativefiledialog/src/include,
					"/Users/thomasliang/Documents/Programs/dragonfly/**",
				);
				INFOPLIST_FILE = macOS/Info.plist;
				INFOPLIST_KEY_NSHumanReadableCopyright = "";
				INFOPLIST_KEY_NSMainStoryboardFile = Main;
				INFOPLIST_KEY_NSPrincipalClass = NSApplication;
				LD_RUNPATH_SEARCH_PATHS = (
					"$(inherited)",
					"@executable_path/../Frameworks",
				);
				LIBRARY_SEARCH_PATHS = /usr/local/include/SDL2;
				MARKETING_VERSION = 0.3;
				ONLY_ACTIVE_ARCH = YES;
				OTHER_LDFLAGS = "-ld_classic";
				PRODUCT_BUNDLE_IDENTIFIER = com.thomasliang.dragonfly;
				PRODUCT_NAME = "$(TARGET_NAME)";
				SWIFT_EMIT_LOC_STRINGS = YES;
			};
			name = Release;
		};
/* End XCBuildConfiguration section */

/* Begin XCConfigurationList section */
		D2EAF74927914118002DE553 /* Build configuration list for PBXProject "dragonfly" */ = {
			isa = XCConfigurationList;
			buildConfigurations = (
				D2EAF77627914119002DE553 /* Release */,
				D2D841A22B9D1230007224D3 /* Debug */,
			);
			defaultConfigurationIsVisible = 0;
			defaultConfigurationName = Release;
		};
		D2EAF77727914119002DE553 /* Build configuration list for PBXNativeTarget "dragonfly" */ = {
			isa = XCConfigurationList;
			buildConfigurations = (
				D2EAF77927914119002DE553 /* Release */,
				D2D841A32B9D1230007224D3 /* Debug */,
			);
			defaultConfigurationIsVisible = 0;
			defaultConfigurationName = Release;
		};
/* End XCConfigurationList section */
	};
	rootObject = D2EAF74627914118002DE553 /* Project object */;
}
